
Microsoft Visual Studio Solution File, Format Version 9.00
# Visual Studio 2005
Project("{8BC9CEB8-8B4A-11D0-8D11-00A0C91BC942}") = "ATI RemoteWonder", "ATI Remote Wonder\RemoteWonder.vcproj", "{1CA7297D-BE48-40A4-8D35-81714F50B7AD}"
	ProjectSection(ProjectDependencies) = postProject
		{5429B569-E9D4-4991-9FFE-001C7906AB54} = {5429B569-E9D4-4991-9FFE-001C7906AB54}
	EndProjectSection
EndProject
Project("{8BC9CEB8-8B4A-11D0-8D11-00A0C91BC942}") = "App Commands", "App Commands\App Commands.vcproj", "{A2F2E421-C6FF-4FE9-8C16-666B370CA903}"
	ProjectSection(ProjectDependencies) = postProject
		{5429B569-E9D4-4991-9FFE-001C7906AB54} = {5429B569-E9D4-4991-9FFE-001C7906AB54}
	EndProjectSection
EndProject
Project("{8BC9CEB8-8B4A-11D0-8D11-00A0C91BC942}") = "Com Commander", "Com Commander\Com Commander.vcproj", "{2A590C9C-E45C-4B0A-A164-4E6AAD6FB919}"
	ProjectSection(ProjectDependencies) = postProject
		{5429B569-E9D4-4991-9FFE-001C7906AB54} = {5429B569-E9D4-4991-9FFE-001C7906AB54}
	EndProjectSection
EndProject
Project("{8BC9CEB8-8B4A-11D0-8D11-00A0C91BC942}") = "Debris", "Debris\Debris.vcproj", "{376EC9B2-91A3-4487-9287-5B604C8DA9A6}"
	ProjectSection(ProjectDependencies) = postProject
		{5429B569-E9D4-4991-9FFE-001C7906AB54} = {5429B569-E9D4-4991-9FFE-001C7906AB54}
	EndProjectSection
EndProject
Project("{8BC9CEB8-8B4A-11D0-8D11-00A0C91BC942}") = "Example", "Example\Example.vcproj", "{7EF66954-A28E-495D-97E6-F9B0CD766BBF}"
	ProjectSection(ProjectDependencies) = postProject
		{5429B569-E9D4-4991-9FFE-001C7906AB54} = {5429B569-E9D4-4991-9FFE-001C7906AB54}
	EndProjectSection
EndProject
Project("{8BC9CEB8-8B4A-11D0-8D11-00A0C91BC942}") = "Gaming Devices", "Gaming Devices\Gaming Devices.vcproj", "{449C7D0B-8FD3-4516-ABBC-88AB1C1DFBF0}"
	ProjectSection(ProjectDependencies) = postProject
		{5429B569-E9D4-4991-9FFE-001C7906AB54} = {5429B569-E9D4-4991-9FFE-001C7906AB54}
	EndProjectSection
EndProject
Project("{8BC9CEB8-8B4A-11D0-8D11-00A0C91BC942}") = "IntelliRemote", "IntelliRemote\IntelliRemote.vcproj", "{E1F03C3A-F459-4EDF-8BB1-0458128AEA76}"
	ProjectSection(ProjectDependencies) = postProject
		{5429B569-E9D4-4991-9FFE-001C7906AB54} = {5429B569-E9D4-4991-9FFE-001C7906AB54}
	EndProjectSection
EndProject
Project("{8BC9CEB8-8B4A-11D0-8D11-00A0C91BC942}") = "Macro", "Macro\Macro.vcproj", "{9B76879D-0619-4FF3-8F6E-934EDE737217}"
	ProjectSection(ProjectDependencies) = postProject
		{5429B569-E9D4-4991-9FFE-001C7906AB54} = {5429B569-E9D4-4991-9FFE-001C7906AB54}
	EndProjectSection
EndProject
Project("{8BC9CEB8-8B4A-11D0-8D11-00A0C91BC942}") = "MessageDigest", "Message Digest\MessageDigest.vcproj", "{DEED0821-D54C-4E0A-8B15-FEFFF58B9D8D}"
	ProjectSection(ProjectDependencies) = postProject
		{5429B569-E9D4-4991-9FFE-001C7906AB54} = {5429B569-E9D4-4991-9FFE-001C7906AB54}
	EndProjectSection
EndProject
Project("{8BC9CEB8-8B4A-11D0-8D11-00A0C91BC942}") = "Network", "Network\Network.vcproj", "{D112811D-E43A-464A-A7E3-65E217E12444}"
	ProjectSection(ProjectDependencies) = postProject
		{983BA60C-0FAC-4833-9F96-5D4C6ABA6910} = {983BA60C-0FAC-4833-9F96-5D4C6ABA6910}
		{5429B569-E9D4-4991-9FFE-001C7906AB54} = {5429B569-E9D4-4991-9FFE-001C7906AB54}
	EndProjectSection
EndProject
Project("{8BC9CEB8-8B4A-11D0-8D11-00A0C91BC942}") = "Performance", "Performance\performance.vcproj", "{77ED3749-5D3D-4E13-8606-178DDEE19896}"
	ProjectSection(ProjectDependencies) = postProject
		{5429B569-E9D4-4991-9FFE-001C7906AB54} = {5429B569-E9D4-4991-9FFE-001C7906AB54}
	EndProjectSection
EndProject
Project("{8BC9CEB8-8B4A-11D0-8D11-00A0C91BC942}") = "Playlist", "Playlist\Playlist.vcproj", "{80673F15-5843-4F8B-B725-404DC0585EE6}"
	ProjectSection(ProjectDependencies) = postProject
		{5429B569-E9D4-4991-9FFE-001C7906AB54} = {5429B569-E9D4-4991-9FFE-001C7906AB54}
	EndProjectSection
EndProject
Project("{8BC9CEB8-8B4A-11D0-8D11-00A0C91BC942}") = "Power Management", "Power Management\Power Management.vcproj", "{DD88F2E5-7CD6-429A-A2E4-E7768E6E4B12}"
	ProjectSection(ProjectDependencies) = postProject
		{5429B569-E9D4-4991-9FFE-001C7906AB54} = {5429B569-E9D4-4991-9FFE-001C7906AB54}
	EndProjectSection
EndProject
Project("{8BC9CEB8-8B4A-11D0-8D11-00A0C91BC942}") = "Profiles", "Profiles\Profiles.vcproj", "{58A9DCDF-00F3-493F-A781-CAC87C986ABC}"
	ProjectSection(ProjectDependencies) = postProject
		{5429B569-E9D4-4991-9FFE-001C7906AB54} = {5429B569-E9D4-4991-9FFE-001C7906AB54}
	EndProjectSection
EndProject
Project("{8BC9CEB8-8B4A-11D0-8D11-00A0C91BC942}") = "RMX10", "RM-X10\RM-X10.vcproj", "{B92AB87F-222A-4702-86D9-54C770EC9908}"
	ProjectSection(ProjectDependencies) = postProject
		{5429B569-E9D4-4991-9FFE-001C7906AB54} = {5429B569-E9D4-4991-9FFE-001C7906AB54}
	EndProjectSection
EndProject
Project("{8BC9CEB8-8B4A-11D0-8D11-00A0C91BC942}") = "Remote Center", "Remote Center\Remote Center.vcproj", "{B8B1C884-7DE8-4484-8260-BFF79ED77184}"
	ProjectSection(ProjectDependencies) = postProject
		{5429B569-E9D4-4991-9FFE-001C7906AB54} = {5429B569-E9D4-4991-9FFE-001C7906AB54}
	EndProjectSection
EndProject
Project("{8BC9CEB8-8B4A-11D0-8D11-00A0C91BC942}") = "Shell Extensions", "Shell Extensions\Shell Extensions.vcproj", "{F937518C-FB2F-4677-9321-C8AA4D465829}"
	ProjectSection(ProjectDependencies) = postProject
		{5429B569-E9D4-4991-9FFE-001C7906AB54} = {5429B569-E9D4-4991-9FFE-001C7906AB54}
	EndProjectSection
EndProject
Project("{8BC9CEB8-8B4A-11D0-8D11-00A0C91BC942}") = "System Mixer", "System Mixer\System Mixer.vcproj", "{C548F3F7-2371-4EF9-A410-620736BCE32A}"
	ProjectSection(ProjectDependencies) = postProject
		{5429B569-E9D4-4991-9FFE-001C7906AB54} = {5429B569-E9D4-4991-9FFE-001C7906AB54}
	EndProjectSection
EndProject
Project("{8BC9CEB8-8B4A-11D0-8D11-00A0C91BC942}") = "Test Plugin", "Test Plugin\Test Plugin.vcproj", "{AF94B6C1-E1A5-46D5-8BF5-C2865786BEC5}"
	ProjectSection(ProjectDependencies) = postProject
		{5429B569-E9D4-4991-9FFE-001C7906AB54} = {5429B569-E9D4-4991-9FFE-001C7906AB54}
	EndProjectSection
EndProject
Project("{8BC9CEB8-8B4A-11D0-8D11-00A0C91BC942}") = "Toolbar", "Toolbar Controller\Toolbar.vcproj", "{92F9CFD6-8442-4583-B2F4-2127212B5050}"
	ProjectSection(ProjectDependencies) = postProject
		{5429B569-E9D4-4991-9FFE-001C7906AB54} = {5429B569-E9D4-4991-9FFE-001C7906AB54}
	EndProjectSection
EndProject
Project("{8BC9CEB8-8B4A-11D0-8D11-00A0C91BC942}") = "Tray Icons", "Tray Icon Controller\Tray Icon Controller.vcproj", "{A69D29D3-4681-4461-B077-A06967E280B5}"
	ProjectSection(ProjectDependencies) = postProject
		{5429B569-E9D4-4991-9FFE-001C7906AB54} = {5429B569-E9D4-4991-9FFE-001C7906AB54}
	EndProjectSection
EndProject
Project("{8BC9CEB8-8B4A-11D0-8D11-00A0C91BC942}") = "UIT", "UIT\UIT.vcproj", "{31F7DF71-0B4F-4893-A30F-5AB05FED4067}"
	ProjectSection(ProjectDependencies) = postProject
		{5429B569-E9D4-4991-9FFE-001C7906AB54} = {5429B569-E9D4-4991-9FFE-001C7906AB54}
	EndProjectSection
EndProject
Project("{8BC9CEB8-8B4A-11D0-8D11-00A0C91BC942}") = "Updater", "Updater\Updater.vcproj", "{60E95A87-C164-4253-9AF9-EAB48F1DD1BA}"
	ProjectSection(ProjectDependencies) = postProject
		{5429B569-E9D4-4991-9FFE-001C7906AB54} = {5429B569-E9D4-4991-9FFE-001C7906AB54}
	EndProjectSection
EndProject
Project("{8BC9CEB8-8B4A-11D0-8D11-00A0C91BC942}") = "User Input", "User Input\User Input.vcproj", "{8C9C884F-4B9A-446A-BB5D-CFA1AB3D6267}"
	ProjectSection(ProjectDependencies) = postProject
		{5429B569-E9D4-4991-9FFE-001C7906AB54} = {5429B569-E9D4-4991-9FFE-001C7906AB54}
	EndProjectSection
EndProject
Project("{8BC9CEB8-8B4A-11D0-8D11-00A0C91BC942}") = "Web_Server", "Web Server\web_server.vcproj", "{C6F32619-9848-4DBA-B8EE-73DFBB6771BB}"
EndProject
Project("{8BC9CEB8-8B4A-11D0-8D11-00A0C91BC942}") = "jnetlib", "..\libraries\jnetlib\jnetlib.vcproj", "{983BA60C-0FAC-4833-9F96-5D4C6ABA6910}"
EndProject
Project("{8BC9CEB8-8B4A-11D0-8D11-00A0C91BC942}") = "telnetd", "telnetd\telnetd.vcproj", "{EA23ECCF-DA8D-46C4-A7B0-8FFDA1E3BBE9}"
	ProjectSection(ProjectDependencies) = postProject
		{5429B569-E9D4-4991-9FFE-001C7906AB54} = {5429B569-E9D4-4991-9FFE-001C7906AB54}
	EndProjectSection
EndProject
Project("{8BC9CEB8-8B4A-11D0-8D11-00A0C91BC942}") = "RMX SDK", "..\sdk\rmx_sdk.vcproj", "{5429B569-E9D4-4991-9FFE-001C7906AB54}"
EndProject
Project("{8BC9CEB8-8B4A-11D0-8D11-00A0C91BC942}") = "vpedal", "VPedal\vpedal.vcproj", "{CEB37E35-28E3-4BA5-8D0E-9B061DBCE607}"
	ProjectSection(ProjectDependencies) = postProject
		{5429B569-E9D4-4991-9FFE-001C7906AB54} = {5429B569-E9D4-4991-9FFE-001C7906AB54}
	EndProjectSection
EndProject
Project("{8BC9CEB8-8B4A-11D0-8D11-00A0C91BC942}") = "Wii Remote", "Wii Remote\wiiremote.vcproj", "{5A6B2BCE-59B5-4308-B48C-ABB8EE69F98D}"
	ProjectSection(ProjectDependencies) = postProject
		{5429B569-E9D4-4991-9FFE-001C7906AB54} = {5429B569-E9D4-4991-9FFE-001C7906AB54}
	EndProjectSection
EndProject
Project("{8BC9CEB8-8B4A-11D0-8D11-00A0C91BC942}") = "EOS", "EOS\EOS.vcproj", "{F4D7B209-DC8E-4AF6-89E7-01F50728FF0D}"
	ProjectSection(ProjectDependencies) = postProject
		{5429B569-E9D4-4991-9FFE-001C7906AB54} = {5429B569-E9D4-4991-9FFE-001C7906AB54}
	EndProjectSection
EndProject
Project("{8BC9CEB8-8B4A-11D0-8D11-00A0C91BC942}") = "Menu Items", "Menu Items\Menu Items.vcproj", "{A69D29D3-4681-4461-B077-A06967E280B6}"
	ProjectSection(ProjectDependencies) = postProject
		{5429B569-E9D4-4991-9FFE-001C7906AB54} = {5429B569-E9D4-4991-9FFE-001C7906AB54}
	EndProjectSection
EndProject
Project("{8BC9CEB8-8B4A-11D0-8D11-00A0C91BC942}") = "json-c", "..\libraries\json-c\json-c\json-c.vcproj", "{A229BFF6-355D-4CF3-928C-4D26A44D05D5}"
EndProject
Global
	GlobalSection(SolutionConfigurationPlatforms) = preSolution
		Debug|Win32 = Debug|Win32
		Debug|x64 = Debug|x64
		Release|Win32 = Release|Win32
		Release|x64 = Release|x64
	EndGlobalSection
	GlobalSection(ProjectConfigurationPlatforms) = postSolution
		{1CA7297D-BE48-40A4-8D35-81714F50B7AD}.Debug|Win32.ActiveCfg = Debug|Win32
		{1CA7297D-BE48-40A4-8D35-81714F50B7AD}.Debug|Win32.Build.0 = Debug|Win32
		{1CA7297D-BE48-40A4-8D35-81714F50B7AD}.Debug|x64.ActiveCfg = Debug|x64
		{1CA7297D-BE48-40A4-8D35-81714F50B7AD}.Debug|x64.Build.0 = Debug|x64
		{1CA7297D-BE48-40A4-8D35-81714F50B7AD}.Release|Win32.ActiveCfg = Release|Win32
		{1CA7297D-BE48-40A4-8D35-81714F50B7AD}.Release|Win32.Build.0 = Release|Win32
		{1CA7297D-BE48-40A4-8D35-81714F50B7AD}.Release|x64.ActiveCfg = Release|x64
		{1CA7297D-BE48-40A4-8D35-81714F50B7AD}.Release|x64.Build.0 = Release|x64
		{A2F2E421-C6FF-4FE9-8C16-666B370CA903}.Debug|Win32.ActiveCfg = Debug|Win32
		{A2F2E421-C6FF-4FE9-8C16-666B370CA903}.Debug|Win32.Build.0 = Debug|Win32
		{A2F2E421-C6FF-4FE9-8C16-666B370CA903}.Debug|x64.ActiveCfg = Debug|x64
		{A2F2E421-C6FF-4FE9-8C16-666B370CA903}.Debug|x64.Build.0 = Debug|x64
		{A2F2E421-C6FF-4FE9-8C16-666B370CA903}.Release|Win32.ActiveCfg = Release|Win32
		{A2F2E421-C6FF-4FE9-8C16-666B370CA903}.Release|Win32.Build.0 = Release|Win32
		{A2F2E421-C6FF-4FE9-8C16-666B370CA903}.Release|x64.ActiveCfg = Release|x64
		{A2F2E421-C6FF-4FE9-8C16-666B370CA903}.Release|x64.Build.0 = Release|x64
		{2A590C9C-E45C-4B0A-A164-4E6AAD6FB919}.Debug|Win32.ActiveCfg = Debug|Win32
		{2A590C9C-E45C-4B0A-A164-4E6AAD6FB919}.Debug|Win32.Build.0 = Debug|Win32
		{2A590C9C-E45C-4B0A-A164-4E6AAD6FB919}.Debug|x64.ActiveCfg = Debug|x64
		{2A590C9C-E45C-4B0A-A164-4E6AAD6FB919}.Debug|x64.Build.0 = Debug|x64
		{2A590C9C-E45C-4B0A-A164-4E6AAD6FB919}.Release|Win32.ActiveCfg = Release|Win32
		{2A590C9C-E45C-4B0A-A164-4E6AAD6FB919}.Release|Win32.Build.0 = Release|Win32
		{2A590C9C-E45C-4B0A-A164-4E6AAD6FB919}.Release|x64.ActiveCfg = Release|x64
		{2A590C9C-E45C-4B0A-A164-4E6AAD6FB919}.Release|x64.Build.0 = Release|x64
		{376EC9B2-91A3-4487-9287-5B604C8DA9A6}.Debug|Win32.ActiveCfg = Debug|Win32
		{376EC9B2-91A3-4487-9287-5B604C8DA9A6}.Debug|Win32.Build.0 = Debug|Win32
		{376EC9B2-91A3-4487-9287-5B604C8DA9A6}.Debug|x64.ActiveCfg = Debug|x64
		{376EC9B2-91A3-4487-9287-5B604C8DA9A6}.Debug|x64.Build.0 = Debug|x64
		{376EC9B2-91A3-4487-9287-5B604C8DA9A6}.Release|Win32.ActiveCfg = Release|Win32
		{376EC9B2-91A3-4487-9287-5B604C8DA9A6}.Release|Win32.Build.0 = Release|Win32
		{376EC9B2-91A3-4487-9287-5B604C8DA9A6}.Release|x64.ActiveCfg = Release|x64
		{376EC9B2-91A3-4487-9287-5B604C8DA9A6}.Release|x64.Build.0 = Release|x64
		{7EF66954-A28E-495D-97E6-F9B0CD766BBF}.Debug|Win32.ActiveCfg = Debug|Win32
		{7EF66954-A28E-495D-97E6-F9B0CD766BBF}.Debug|Win32.Build.0 = Debug|Win32
		{7EF66954-A28E-495D-97E6-F9B0CD766BBF}.Debug|x64.ActiveCfg = Debug|x64
		{7EF66954-A28E-495D-97E6-F9B0CD766BBF}.Debug|x64.Build.0 = Debug|x64
		{7EF66954-A28E-495D-97E6-F9B0CD766BBF}.Release|Win32.ActiveCfg = Release|Win32
		{7EF66954-A28E-495D-97E6-F9B0CD766BBF}.Release|Win32.Build.0 = Release|Win32
		{7EF66954-A28E-495D-97E6-F9B0CD766BBF}.Release|x64.ActiveCfg = Release|x64
		{7EF66954-A28E-495D-97E6-F9B0CD766BBF}.Release|x64.Build.0 = Release|x64
		{449C7D0B-8FD3-4516-ABBC-88AB1C1DFBF0}.Debug|Win32.ActiveCfg = Debug|Win32
		{449C7D0B-8FD3-4516-ABBC-88AB1C1DFBF0}.Debug|Win32.Build.0 = Debug|Win32
		{449C7D0B-8FD3-4516-ABBC-88AB1C1DFBF0}.Debug|x64.ActiveCfg = Debug|x64
		{449C7D0B-8FD3-4516-ABBC-88AB1C1DFBF0}.Debug|x64.Build.0 = Debug|x64
		{449C7D0B-8FD3-4516-ABBC-88AB1C1DFBF0}.Release|Win32.ActiveCfg = Release|Win32
		{449C7D0B-8FD3-4516-ABBC-88AB1C1DFBF0}.Release|Win32.Build.0 = Release|Win32
		{449C7D0B-8FD3-4516-ABBC-88AB1C1DFBF0}.Release|x64.ActiveCfg = Release|x64
		{449C7D0B-8FD3-4516-ABBC-88AB1C1DFBF0}.Release|x64.Build.0 = Release|x64
		{E1F03C3A-F459-4EDF-8BB1-0458128AEA76}.Debug|Win32.ActiveCfg = Debug|Win32
		{E1F03C3A-F459-4EDF-8BB1-0458128AEA76}.Debug|Win32.Build.0 = Debug|Win32
		{E1F03C3A-F459-4EDF-8BB1-0458128AEA76}.Debug|x64.ActiveCfg = Debug|x64
		{E1F03C3A-F459-4EDF-8BB1-0458128AEA76}.Debug|x64.Build.0 = Debug|x64
		{E1F03C3A-F459-4EDF-8BB1-0458128AEA76}.Release|Win32.ActiveCfg = Release|Win32
		{E1F03C3A-F459-4EDF-8BB1-0458128AEA76}.Release|Win32.Build.0 = Release|Win32
		{E1F03C3A-F459-4EDF-8BB1-0458128AEA76}.Release|x64.ActiveCfg = Release|x64
		{E1F03C3A-F459-4EDF-8BB1-0458128AEA76}.Release|x64.Build.0 = Release|x64
		{9B76879D-0619-4FF3-8F6E-934EDE737217}.Debug|Win32.ActiveCfg = Debug|Win32
		{9B76879D-0619-4FF3-8F6E-934EDE737217}.Debug|Win32.Build.0 = Debug|Win32
		{9B76879D-0619-4FF3-8F6E-934EDE737217}.Debug|x64.ActiveCfg = Debug|x64
		{9B76879D-0619-4FF3-8F6E-934EDE737217}.Debug|x64.Build.0 = Debug|x64
		{9B76879D-0619-4FF3-8F6E-934EDE737217}.Release|Win32.ActiveCfg = Release|Win32
		{9B76879D-0619-4FF3-8F6E-934EDE737217}.Release|Win32.Build.0 = Release|Win32
		{9B76879D-0619-4FF3-8F6E-934EDE737217}.Release|x64.ActiveCfg = Release|x64
		{9B76879D-0619-4FF3-8F6E-934EDE737217}.Release|x64.Build.0 = Release|x64
		{DEED0821-D54C-4E0A-8B15-FEFFF58B9D8D}.Debug|Win32.ActiveCfg = Debug|Win32
		{DEED0821-D54C-4E0A-8B15-FEFFF58B9D8D}.Debug|Win32.Build.0 = Debug|Win32
		{DEED0821-D54C-4E0A-8B15-FEFFF58B9D8D}.Debug|x64.ActiveCfg = Debug|x64
		{DEED0821-D54C-4E0A-8B15-FEFFF58B9D8D}.Debug|x64.Build.0 = Debug|x64
		{DEED0821-D54C-4E0A-8B15-FEFFF58B9D8D}.Release|Win32.ActiveCfg = Release|Win32
		{DEED0821-D54C-4E0A-8B15-FEFFF58B9D8D}.Release|Win32.Build.0 = Release|Win32
		{DEED0821-D54C-4E0A-8B15-FEFFF58B9D8D}.Release|x64.ActiveCfg = Release|x64
		{DEED0821-D54C-4E0A-8B15-FEFFF58B9D8D}.Release|x64.Build.0 = Release|x64
		{D112811D-E43A-464A-A7E3-65E217E12444}.Debug|Win32.ActiveCfg = Debug|Win32
		{D112811D-E43A-464A-A7E3-65E217E12444}.Debug|Win32.Build.0 = Debug|Win32
		{D112811D-E43A-464A-A7E3-65E217E12444}.Debug|x64.ActiveCfg = Debug|x64
		{D112811D-E43A-464A-A7E3-65E217E12444}.Debug|x64.Build.0 = Debug|x64
		{D112811D-E43A-464A-A7E3-65E217E12444}.Release|Win32.ActiveCfg = Release|Win32
		{D112811D-E43A-464A-A7E3-65E217E12444}.Release|Win32.Build.0 = Release|Win32
		{D112811D-E43A-464A-A7E3-65E217E12444}.Release|x64.ActiveCfg = Release|x64
		{D112811D-E43A-464A-A7E3-65E217E12444}.Release|x64.Build.0 = Release|x64
		{77ED3749-5D3D-4E13-8606-178DDEE19896}.Debug|Win32.ActiveCfg = Debug|Win32
		{77ED3749-5D3D-4E13-8606-178DDEE19896}.Debug|Win32.Build.0 = Debug|Win32
		{77ED3749-5D3D-4E13-8606-178DDEE19896}.Debug|x64.ActiveCfg = Debug|x64
		{77ED3749-5D3D-4E13-8606-178DDEE19896}.Debug|x64.Build.0 = Debug|x64
		{77ED3749-5D3D-4E13-8606-178DDEE19896}.Release|Win32.ActiveCfg = Release|Win32
		{77ED3749-5D3D-4E13-8606-178DDEE19896}.Release|Win32.Build.0 = Release|Win32
		{77ED3749-5D3D-4E13-8606-178DDEE19896}.Release|x64.ActiveCfg = Release|x64
		{77ED3749-5D3D-4E13-8606-178DDEE19896}.Release|x64.Build.0 = Release|x64
		{80673F15-5843-4F8B-B725-404DC0585EE6}.Debug|Win32.ActiveCfg = Debug|Win32
		{80673F15-5843-4F8B-B725-404DC0585EE6}.Debug|Win32.Build.0 = Debug|Win32
		{80673F15-5843-4F8B-B725-404DC0585EE6}.Debug|x64.ActiveCfg = Debug|x64
		{80673F15-5843-4F8B-B725-404DC0585EE6}.Debug|x64.Build.0 = Debug|x64
		{80673F15-5843-4F8B-B725-404DC0585EE6}.Release|Win32.ActiveCfg = Release|Win32
		{80673F15-5843-4F8B-B725-404DC0585EE6}.Release|Win32.Build.0 = Release|Win32
		{80673F15-5843-4F8B-B725-404DC0585EE6}.Release|x64.ActiveCfg = Release|x64
		{80673F15-5843-4F8B-B725-404DC0585EE6}.Release|x64.Build.0 = Release|x64
		{DD88F2E5-7CD6-429A-A2E4-E7768E6E4B12}.Debug|Win32.ActiveCfg = Debug|Win32
		{DD88F2E5-7CD6-429A-A2E4-E7768E6E4B12}.Debug|Win32.Build.0 = Debug|Win32
		{DD88F2E5-7CD6-429A-A2E4-E7768E6E4B12}.Debug|x64.ActiveCfg = Debug|x64
		{DD88F2E5-7CD6-429A-A2E4-E7768E6E4B12}.Debug|x64.Build.0 = Debug|x64
		{DD88F2E5-7CD6-429A-A2E4-E7768E6E4B12}.Release|Win32.ActiveCfg = Release|Win32
		{DD88F2E5-7CD6-429A-A2E4-E7768E6E4B12}.Release|Win32.Build.0 = Release|Win32
		{DD88F2E5-7CD6-429A-A2E4-E7768E6E4B12}.Release|x64.ActiveCfg = Release|x64
		{DD88F2E5-7CD6-429A-A2E4-E7768E6E4B12}.Release|x64.Build.0 = Release|x64
		{58A9DCDF-00F3-493F-A781-CAC87C986ABC}.Debug|Win32.ActiveCfg = Debug|Win32
		{58A9DCDF-00F3-493F-A781-CAC87C986ABC}.Debug|Win32.Build.0 = Debug|Win32
		{58A9DCDF-00F3-493F-A781-CAC87C986ABC}.Debug|x64.ActiveCfg = Debug|x64
		{58A9DCDF-00F3-493F-A781-CAC87C986ABC}.Debug|x64.Build.0 = Debug|x64
		{58A9DCDF-00F3-493F-A781-CAC87C986ABC}.Release|Win32.ActiveCfg = Release|Win32
		{58A9DCDF-00F3-493F-A781-CAC87C986ABC}.Release|Win32.Build.0 = Release|Win32
		{58A9DCDF-00F3-493F-A781-CAC87C986ABC}.Release|x64.ActiveCfg = Release|x64
		{58A9DCDF-00F3-493F-A781-CAC87C986ABC}.Release|x64.Build.0 = Release|x64
		{B92AB87F-222A-4702-86D9-54C770EC9908}.Debug|Win32.ActiveCfg = Debug|Win32
		{B92AB87F-222A-4702-86D9-54C770EC9908}.Debug|Win32.Build.0 = Debug|Win32
		{B92AB87F-222A-4702-86D9-54C770EC9908}.Debug|x64.ActiveCfg = Debug|x64
		{B92AB87F-222A-4702-86D9-54C770EC9908}.Debug|x64.Build.0 = Debug|x64
		{B92AB87F-222A-4702-86D9-54C770EC9908}.Release|Win32.ActiveCfg = Release|Win32
		{B92AB87F-222A-4702-86D9-54C770EC9908}.Release|Win32.Build.0 = Release|Win32
		{B92AB87F-222A-4702-86D9-54C770EC9908}.Release|x64.ActiveCfg = Release|x64
		{B92AB87F-222A-4702-86D9-54C770EC9908}.Release|x64.Build.0 = Release|x64
		{B8B1C884-7DE8-4484-8260-BFF79ED77184}.Debug|Win32.ActiveCfg = Debug|Win32
		{B8B1C884-7DE8-4484-8260-BFF79ED77184}.Debug|Win32.Build.0 = Debug|Win32
		{B8B1C884-7DE8-4484-8260-BFF79ED77184}.Debug|x64.ActiveCfg = Debug|x64
		{B8B1C884-7DE8-4484-8260-BFF79ED77184}.Debug|x64.Build.0 = Debug|x64
		{B8B1C884-7DE8-4484-8260-BFF79ED77184}.Release|Win32.ActiveCfg = Release|Win32
		{B8B1C884-7DE8-4484-8260-BFF79ED77184}.Release|Win32.Build.0 = Release|Win32
		{B8B1C884-7DE8-4484-8260-BFF79ED77184}.Release|x64.ActiveCfg = Release|x64
		{B8B1C884-7DE8-4484-8260-BFF79ED77184}.Release|x64.Build.0 = Release|x64
		{F937518C-FB2F-4677-9321-C8AA4D465829}.Debug|Win32.ActiveCfg = Debug|Win32
		{F937518C-FB2F-4677-9321-C8AA4D465829}.Debug|Win32.Build.0 = Debug|Win32
		{F937518C-FB2F-4677-9321-C8AA4D465829}.Debug|x64.ActiveCfg = Debug|x64
		{F937518C-FB2F-4677-9321-C8AA4D465829}.Debug|x64.Build.0 = Debug|x64
		{F937518C-FB2F-4677-9321-C8AA4D465829}.Release|Win32.ActiveCfg = Release|Win32
		{F937518C-FB2F-4677-9321-C8AA4D465829}.Release|Win32.Build.0 = Release|Win32
		{F937518C-FB2F-4677-9321-C8AA4D465829}.Release|x64.ActiveCfg = Release|x64
		{F937518C-FB2F-4677-9321-C8AA4D465829}.Release|x64.Build.0 = Release|x64
		{C548F3F7-2371-4EF9-A410-620736BCE32A}.Debug|Win32.ActiveCfg = Debug|Win32
		{C548F3F7-2371-4EF9-A410-620736BCE32A}.Debug|Win32.Build.0 = Debug|Win32
		{C548F3F7-2371-4EF9-A410-620736BCE32A}.Debug|x64.ActiveCfg = Debug|x64
		{C548F3F7-2371-4EF9-A410-620736BCE32A}.Debug|x64.Build.0 = Debug|x64
		{C548F3F7-2371-4EF9-A410-620736BCE32A}.Release|Win32.ActiveCfg = Release|Win32
		{C548F3F7-2371-4EF9-A410-620736BCE32A}.Release|Win32.Build.0 = Release|Win32
		{C548F3F7-2371-4EF9-A410-620736BCE32A}.Release|x64.ActiveCfg = Release|x64
		{C548F3F7-2371-4EF9-A410-620736BCE32A}.Release|x64.Build.0 = Release|x64
		{AF94B6C1-E1A5-46D5-8BF5-C2865786BEC5}.Debug|Win32.ActiveCfg = Debug|Win32
		{AF94B6C1-E1A5-46D5-8BF5-C2865786BEC5}.Debug|Win32.Build.0 = Debug|Win32
		{AF94B6C1-E1A5-46D5-8BF5-C2865786BEC5}.Debug|x64.ActiveCfg = Debug|x64
		{AF94B6C1-E1A5-46D5-8BF5-C2865786BEC5}.Debug|x64.Build.0 = Debug|x64
		{AF94B6C1-E1A5-46D5-8BF5-C2865786BEC5}.Release|Win32.ActiveCfg = Release|Win32
		{AF94B6C1-E1A5-46D5-8BF5-C2865786BEC5}.Release|Win32.Build.0 = Release|Win32
		{AF94B6C1-E1A5-46D5-8BF5-C2865786BEC5}.Release|x64.ActiveCfg = Release|x64
		{AF94B6C1-E1A5-46D5-8BF5-C2865786BEC5}.Release|x64.Build.0 = Release|x64
		{92F9CFD6-8442-4583-B2F4-2127212B5050}.Debug|Win32.ActiveCfg = Debug|Win32
		{92F9CFD6-8442-4583-B2F4-2127212B5050}.Debug|Win32.Build.0 = Debug|Win32
		{92F9CFD6-8442-4583-B2F4-2127212B5050}.Debug|x64.ActiveCfg = Debug|x64
		{92F9CFD6-8442-4583-B2F4-2127212B5050}.Debug|x64.Build.0 = Debug|x64
		{92F9CFD6-8442-4583-B2F4-2127212B5050}.Release|Win32.ActiveCfg = Release|Win32
		{92F9CFD6-8442-4583-B2F4-2127212B5050}.Release|Win32.Build.0 = Release|Win32
		{92F9CFD6-8442-4583-B2F4-2127212B5050}.Release|x64.ActiveCfg = Release|x64
		{92F9CFD6-8442-4583-B2F4-2127212B5050}.Release|x64.Build.0 = Release|x64
		{A69D29D3-4681-4461-B077-A06967E280B5}.Debug|Win32.ActiveCfg = Debug|Win32
		{A69D29D3-4681-4461-B077-A06967E280B5}.Debug|Win32.Build.0 = Debug|Win32
		{A69D29D3-4681-4461-B077-A06967E280B5}.Debug|x64.ActiveCfg = Debug|x64
		{A69D29D3-4681-4461-B077-A06967E280B5}.Debug|x64.Build.0 = Debug|x64
		{A69D29D3-4681-4461-B077-A06967E280B5}.Release|Win32.ActiveCfg = Release|Win32
		{A69D29D3-4681-4461-B077-A06967E280B5}.Release|Win32.Build.0 = Release|Win32
		{A69D29D3-4681-4461-B077-A06967E280B5}.Release|x64.ActiveCfg = Release|x64
		{A69D29D3-4681-4461-B077-A06967E280B5}.Release|x64.Build.0 = Release|x64
		{31F7DF71-0B4F-4893-A30F-5AB05FED4067}.Debug|Win32.ActiveCfg = Debug|Win32
		{31F7DF71-0B4F-4893-A30F-5AB05FED4067}.Debug|Win32.Build.0 = Debug|Win32
		{31F7DF71-0B4F-4893-A30F-5AB05FED4067}.Debug|x64.ActiveCfg = Debug|x64
		{31F7DF71-0B4F-4893-A30F-5AB05FED4067}.Debug|x64.Build.0 = Debug|x64
		{31F7DF71-0B4F-4893-A30F-5AB05FED4067}.Release|Win32.ActiveCfg = Release|Win32
		{31F7DF71-0B4F-4893-A30F-5AB05FED4067}.Release|Win32.Build.0 = Release|Win32
		{31F7DF71-0B4F-4893-A30F-5AB05FED4067}.Release|x64.ActiveCfg = Release|x64
		{31F7DF71-0B4F-4893-A30F-5AB05FED4067}.Release|x64.Build.0 = Release|x64
		{60E95A87-C164-4253-9AF9-EAB48F1DD1BA}.Debug|Win32.ActiveCfg = Debug|Win32
		{60E95A87-C164-4253-9AF9-EAB48F1DD1BA}.Debug|Win32.Build.0 = Debug|Win32
		{60E95A87-C164-4253-9AF9-EAB48F1DD1BA}.Debug|x64.ActiveCfg = Debug|x64
		{60E95A87-C164-4253-9AF9-EAB48F1DD1BA}.Debug|x64.Build.0 = Debug|x64
		{60E95A87-C164-4253-9AF9-EAB48F1DD1BA}.Release|Win32.ActiveCfg = Release|Win32
		{60E95A87-C164-4253-9AF9-EAB48F1DD1BA}.Release|Win32.Build.0 = Release|Win32
		{60E95A87-C164-4253-9AF9-EAB48F1DD1BA}.Release|x64.ActiveCfg = Release|x64
		{60E95A87-C164-4253-9AF9-EAB48F1DD1BA}.Release|x64.Build.0 = Release|x64
		{8C9C884F-4B9A-446A-BB5D-CFA1AB3D6267}.Debug|Win32.ActiveCfg = Debug|Win32
		{8C9C884F-4B9A-446A-BB5D-CFA1AB3D6267}.Debug|Win32.Build.0 = Debug|Win32
		{8C9C884F-4B9A-446A-BB5D-CFA1AB3D6267}.Debug|x64.ActiveCfg = Debug|x64
		{8C9C884F-4B9A-446A-BB5D-CFA1AB3D6267}.Debug|x64.Build.0 = Debug|x64
		{8C9C884F-4B9A-446A-BB5D-CFA1AB3D6267}.Release|Win32.ActiveCfg = Release|Win32
		{8C9C884F-4B9A-446A-BB5D-CFA1AB3D6267}.Release|Win32.Build.0 = Release|Win32
		{8C9C884F-4B9A-446A-BB5D-CFA1AB3D6267}.Release|x64.ActiveCfg = Release|x64
		{8C9C884F-4B9A-446A-BB5D-CFA1AB3D6267}.Release|x64.Build.0 = Release|x64
		{C6F32619-9848-4DBA-B8EE-73DFBB6771BB}.Debug|Win32.ActiveCfg = Debug|Win32
		{C6F32619-9848-4DBA-B8EE-73DFBB6771BB}.Debug|Win32.Build.0 = Debug|Win32
		{C6F32619-9848-4DBA-B8EE-73DFBB6771BB}.Debug|x64.ActiveCfg = Debug|x64
		{C6F32619-9848-4DBA-B8EE-73DFBB6771BB}.Debug|x64.Build.0 = Debug|x64
		{C6F32619-9848-4DBA-B8EE-73DFBB6771BB}.Release|Win32.ActiveCfg = Release|Win32
		{C6F32619-9848-4DBA-B8EE-73DFBB6771BB}.Release|Win32.Build.0 = Release|Win32
		{C6F32619-9848-4DBA-B8EE-73DFBB6771BB}.Release|x64.ActiveCfg = Release|x64
		{C6F32619-9848-4DBA-B8EE-73DFBB6771BB}.Release|x64.Build.0 = Release|x64
		{983BA60C-0FAC-4833-9F96-5D4C6ABA6910}.Debug|Win32.ActiveCfg = Debug|Win32
		{983BA60C-0FAC-4833-9F96-5D4C6ABA6910}.Debug|Win32.Build.0 = Debug|Win32
		{983BA60C-0FAC-4833-9F96-5D4C6ABA6910}.Debug|x64.ActiveCfg = Debug|x64
		{983BA60C-0FAC-4833-9F96-5D4C6ABA6910}.Debug|x64.Build.0 = Debug|x64
		{983BA60C-0FAC-4833-9F96-5D4C6ABA6910}.Release|Win32.ActiveCfg = Release|Win32
		{983BA60C-0FAC-4833-9F96-5D4C6ABA6910}.Release|Win32.Build.0 = Release|Win32
		{983BA60C-0FAC-4833-9F96-5D4C6ABA6910}.Release|x64.ActiveCfg = Release|x64
		{983BA60C-0FAC-4833-9F96-5D4C6ABA6910}.Release|x64.Build.0 = Release|x64
		{EA23ECCF-DA8D-46C4-A7B0-8FFDA1E3BBE9}.Debug|Win32.ActiveCfg = Debug|Win32
		{EA23ECCF-DA8D-46C4-A7B0-8FFDA1E3BBE9}.Debug|Win32.Build.0 = Debug|Win32
		{EA23ECCF-DA8D-46C4-A7B0-8FFDA1E3BBE9}.Debug|x64.ActiveCfg = Debug|x64
		{EA23ECCF-DA8D-46C4-A7B0-8FFDA1E3BBE9}.Debug|x64.Build.0 = Debug|x64
		{EA23ECCF-DA8D-46C4-A7B0-8FFDA1E3BBE9}.Release|Win32.ActiveCfg = Release|Win32
		{EA23ECCF-DA8D-46C4-A7B0-8FFDA1E3BBE9}.Release|Win32.Build.0 = Release|Win32
		{EA23ECCF-DA8D-46C4-A7B0-8FFDA1E3BBE9}.Release|x64.ActiveCfg = Release|x64
		{EA23ECCF-DA8D-46C4-A7B0-8FFDA1E3BBE9}.Release|x64.Build.0 = Release|x64
		{5429B569-E9D4-4991-9FFE-001C7906AB54}.Debug|Win32.ActiveCfg = Debug|Win32
		{5429B569-E9D4-4991-9FFE-001C7906AB54}.Debug|Win32.Build.0 = Debug|Win32
		{5429B569-E9D4-4991-9FFE-001C7906AB54}.Debug|x64.ActiveCfg = Debug|x64
		{5429B569-E9D4-4991-9FFE-001C7906AB54}.Debug|x64.Build.0 = Debug|x64
		{5429B569-E9D4-4991-9FFE-001C7906AB54}.Release|Win32.ActiveCfg = Release|Win32
		{5429B569-E9D4-4991-9FFE-001C7906AB54}.Release|Win32.Build.0 = Release|Win32
		{5429B569-E9D4-4991-9FFE-001C7906AB54}.Release|x64.ActiveCfg = Release|x64
		{5429B569-E9D4-4991-9FFE-001C7906AB54}.Release|x64.Build.0 = Release|x64
		{CEB37E35-28E3-4BA5-8D0E-9B061DBCE607}.Debug|Win32.ActiveCfg = Debug|Win32
		{CEB37E35-28E3-4BA5-8D0E-9B061DBCE607}.Debug|Win32.Build.0 = Debug|Win32
		{CEB37E35-28E3-4BA5-8D0E-9B061DBCE607}.Debug|x64.ActiveCfg = Debug|x64
		{CEB37E35-28E3-4BA5-8D0E-9B061DBCE607}.Debug|x64.Build.0 = Debug|x64
		{CEB37E35-28E3-4BA5-8D0E-9B061DBCE607}.Release|Win32.ActiveCfg = Release|Win32
		{CEB37E35-28E3-4BA5-8D0E-9B061DBCE607}.Release|Win32.Build.0 = Release|Win32
		{CEB37E35-28E3-4BA5-8D0E-9B061DBCE607}.Release|x64.ActiveCfg = Release|x64
		{CEB37E35-28E3-4BA5-8D0E-9B061DBCE607}.Release|x64.Build.0 = Release|x64
		{5A6B2BCE-59B5-4308-B48C-ABB8EE69F98D}.Debug|Win32.ActiveCfg = Debug|Win32
		{5A6B2BCE-59B5-4308-B48C-ABB8EE69F98D}.Debug|Win32.Build.0 = Debug|Win32
		{5A6B2BCE-59B5-4308-B48C-ABB8EE69F98D}.Debug|x64.ActiveCfg = Debug|x64
		{5A6B2BCE-59B5-4308-B48C-ABB8EE69F98D}.Debug|x64.Build.0 = Debug|x64
		{5A6B2BCE-59B5-4308-B48C-ABB8EE69F98D}.Release|Win32.ActiveCfg = Release|Win32
		{5A6B2BCE-59B5-4308-B48C-ABB8EE69F98D}.Release|Win32.Build.0 = Release|Win32
		{5A6B2BCE-59B5-4308-B48C-ABB8EE69F98D}.Release|x64.ActiveCfg = Release|x64
		{5A6B2BCE-59B5-4308-B48C-ABB8EE69F98D}.Release|x64.Build.0 = Release|x64
		{F4D7B209-DC8E-4AF6-89E7-01F50728FF0D}.Debug|Win32.ActiveCfg = Debug|Win32
		{F4D7B209-DC8E-4AF6-89E7-01F50728FF0D}.Debug|Win32.Build.0 = Debug|Win32
		{F4D7B209-DC8E-4AF6-89E7-01F50728FF0D}.Debug|x64.ActiveCfg = Debug|x64
		{F4D7B209-DC8E-4AF6-89E7-01F50728FF0D}.Debug|x64.Build.0 = Debug|x64
		{F4D7B209-DC8E-4AF6-89E7-01F50728FF0D}.Release|Win32.ActiveCfg = Release|Win32
		{F4D7B209-DC8E-4AF6-89E7-01F50728FF0D}.Release|Win32.Build.0 = Release|Win32
		{F4D7B209-DC8E-4AF6-89E7-01F50728FF0D}.Release|x64.ActiveCfg = Release|x64
		{F4D7B209-DC8E-4AF6-89E7-01F50728FF0D}.Release|x64.Build.0 = Release|x64
		{A69D29D3-4681-4461-B077-A06967E280B6}.Debug|Win32.ActiveCfg = Debug|Win32
		{A69D29D3-4681-4461-B077-A06967E280B6}.Debug|Win32.Build.0 = Debug|Win32
		{A69D29D3-4681-4461-B077-A06967E280B6}.Debug|x64.ActiveCfg = Debug|x64
		{A69D29D3-4681-4461-B077-A06967E280B6}.Debug|x64.Build.0 = Debug|x64
		{A69D29D3-4681-4461-B077-A06967E280B6}.Release|Win32.ActiveCfg = Release|Win32
		{A69D29D3-4681-4461-B077-A06967E280B6}.Release|Win32.Build.0 = Release|Win32
		{A69D29D3-4681-4461-B077-A06967E280B6}.Release|x64.ActiveCfg = Release|x64
		{A69D29D3-4681-4461-B077-A06967E280B6}.Release|x64.Build.0 = Release|x64
		{A229BFF6-355D-4CF3-928C-4D26A44D05D5}.Debug|Win32.ActiveCfg = Debug|Win32
		{A229BFF6-355D-4CF3-928C-4D26A44D05D5}.Debug|Win32.Build.0 = Debug|Win32
		{A229BFF6-355D-4CF3-928C-4D26A44D05D5}.Debug|x64.ActiveCfg = Debug|Win32
		{A229BFF6-355D-4CF3-928C-4D26A44D05D5}.Release|Win32.ActiveCfg = Release|Win32
		{A229BFF6-355D-4CF3-928C-4D26A44D05D5}.Release|Win32.Build.0 = Release|Win32
		{A229BFF6-355D-4CF3-928C-4D26A44D05D5}.Release|x64.ActiveCfg = Release|Win32
	EndGlobalSection
	GlobalSection(SolutionProperties) = preSolution
		HideSolutionNode = FALSE
	EndGlobalSection
EndGlobal
