
Microsoft Visual Studio Solution File, Format Version 9.00
# Visual Studio 2005
Project("{8BC9CEB8-8B4A-11D0-8D11-00A0C91BC942}") = "LuaPlusLib", "..\libraries\luaplus\Prj\Win32VC6\LuaPlusLib.vcproj", "{71B42B5B-2139-4EC9-B093-4EA93F5799B4}"
EndProject
Project("{8BC9CEB8-8B4A-11D0-8D11-00A0C91BC942}") = "RMX Media Edition", "media_edition\media_edition.vcproj", "{53FA8F27-DFF2-49BF-87FD-FEE99CC0DD8E}"
	ProjectSection(ProjectDependencies) = postProject
		{3A766B07-E2D8-45DA-B586-9D247F320A66} = {3A766B07-E2D8-45DA-B586-9D247F320A66}
		{AB47451D-5F6A-48E3-883C-54DC9B62F463} = {AB47451D-5F6A-48E3-883C-54DC9B62F463}
		{80189028-5BC3-4426-9A75-377A33708AD2} = {80189028-5BC3-4426-9A75-377A33708AD2}
		{B30EEC6A-CF64-4AB1-9EE4-C72124DAFD89} = {B30EEC6A-CF64-4AB1-9EE4-C72124DAFD89}
		{161198BC-4C54-48FE-9CF8-129E41870495} = {161198BC-4C54-48FE-9CF8-129E41870495}
	EndProjectSection
EndProject
Project("{8BC9CEB8-8B4A-11D0-8D11-00A0C91BC942}") = "RMX Core", "core\rmx_core.vcproj", "{025C4612-8800-4F2B-9B9D-CDFCA8ADCAC0}"
	ProjectSection(ProjectDependencies) = postProject
		{983BA60C-0FAC-4833-9F96-5D4C6ABA6910} = {983BA60C-0FAC-4833-9F96-5D4C6ABA6910}
		{2E8AB829-009E-410D-902A-A0B46B137170} = {2E8AB829-009E-410D-902A-A0B46B137170}
		{5429B569-E9D4-4991-9FFE-001C7906AB54} = {5429B569-E9D4-4991-9FFE-001C7906AB54}
		{1465A7BF-B858-4147-914D-40DF7B3D1E93} = {1465A7BF-B858-4147-914D-40DF7B3D1E93}
	EndProjectSection
EndProject
Project("{8BC9CEB8-8B4A-11D0-8D11-00A0C91BC942}") = "rmxlib", "rmxlib\rmxlib.vcproj", "{2E8AB829-009E-410D-902A-A0B46B137170}"
EndProject
Project("{8BC9CEB8-8B4A-11D0-8D11-00A0C91BC942}") = "RMX Stand Alone", "stand_alone\stand_alone.vcproj", "{733EE189-0A48-4D78-A6A5-217CF62EDA95}"
	ProjectSection(ProjectDependencies) = postProject
		{025C4612-8800-4F2B-9B9D-CDFCA8ADCAC0} = {025C4612-8800-4F2B-9B9D-CDFCA8ADCAC0}
	EndProjectSection
EndProject
Project("{8BC9CEB8-8B4A-11D0-8D11-00A0C91BC942}") = "rmx_win32", "rmx_win32\rmx_win32.vcproj", "{161198BC-4C54-48FE-9CF8-129E41870495}"
	ProjectSection(ProjectDependencies) = postProject
		{025C4612-8800-4F2B-9B9D-CDFCA8ADCAC0} = {025C4612-8800-4F2B-9B9D-CDFCA8ADCAC0}
	EndProjectSection
EndProject
Project("{8BC9CEB8-8B4A-11D0-8D11-00A0C91BC942}") = "foobar2000_SDK", "media_edition\foobar2000\SDK\foobar2000_SDK.vcproj", "{3A766B07-E2D8-45DA-B586-9D247F320A66}"
EndProject
Project("{8BC9CEB8-8B4A-11D0-8D11-00A0C91BC942}") = "foobar2000_component_client", "media_edition\foobar2000\foobar2000_component_client\foobar2000_component_client.vcproj", "{AB47451D-5F6A-48E3-883C-54DC9B62F463}"
EndProject
Project("{8BC9CEB8-8B4A-11D0-8D11-00A0C91BC942}") = "foobar2000_sdk_helpers", "media_edition\foobar2000\helpers\foobar2000_sdk_helpers.vcproj", "{B30EEC6A-CF64-4AB1-9EE4-C72124DAFD89}"
EndProject
Project("{8BC9CEB8-8B4A-11D0-8D11-00A0C91BC942}") = "pfc", "media_edition\foobar2000\pfc\pfc.vcproj", "{80189028-5BC3-4426-9A75-377A33708AD2}"
EndProject
Project("{8BC9CEB8-8B4A-11D0-8D11-00A0C91BC942}") = "RMX SDK", "..\sdk\rmx_sdk.vcproj", "{5429B569-E9D4-4991-9FFE-001C7906AB54}"
	ProjectSection(ProjectDependencies) = postProject
		{66E0AD7A-0433-41AD-AF27-345CB763F46F} = {66E0AD7A-0433-41AD-AF27-345CB763F46F}
	EndProjectSection
EndProject
Project("{8BC9CEB8-8B4A-11D0-8D11-00A0C91BC942}") = "RMX Gaming Edition", "gaming_edition\gaming_edition.vcproj", "{5298F92A-8A53-484F-9A0D-40F4D0FDA17F}"
	ProjectSection(ProjectDependencies) = postProject
		{161198BC-4C54-48FE-9CF8-129E41870495} = {161198BC-4C54-48FE-9CF8-129E41870495}
	EndProjectSection
EndProject
Project("{8BC9CEB8-8B4A-11D0-8D11-00A0C91BC942}") = "sqlite", "..\libraries\sqlite\sqlite.vcproj", "{1465A7BF-B858-4147-914D-40DF7B3D1E93}"
EndProject
Project("{8BC9CEB8-8B4A-11D0-8D11-00A0C91BC942}") = "jnetlib", "..\libraries\jnetlib\jnetlib.vcproj", "{983BA60C-0FAC-4833-9F96-5D4C6ABA6910}"
EndProject
Project("{8BC9CEB8-8B4A-11D0-8D11-00A0C91BC942}") = "bstring", "..\libraries\bstring\bstring.vcproj", "{66E0AD7A-0433-41AD-AF27-345CB763F46F}"
EndProject
Global
	GlobalSection(SolutionConfigurationPlatforms) = preSolution
		Debug Gaming Edition|Win32 = Debug Gaming Edition|Win32
		Debug Gaming Edition|x64 = Debug Gaming Edition|x64
		Debug Media Edition|Win32 = Debug Media Edition|Win32
		Debug Media Edition|x64 = Debug Media Edition|x64
		Debug rmxlib|Win32 = Debug rmxlib|Win32
		Debug rmxlib|x64 = Debug rmxlib|x64
		Debug Stand Alone|Win32 = Debug Stand Alone|Win32
		Debug Stand Alone|x64 = Debug Stand Alone|x64
		Debug|Win32 = Debug|Win32
		Debug|x64 = Debug|x64
		Release Gaming Edition|Win32 = Release Gaming Edition|Win32
		Release Gaming Edition|x64 = Release Gaming Edition|x64
		Release Media Edition|Win32 = Release Media Edition|Win32
		Release Media Edition|x64 = Release Media Edition|x64
		Release rmxlib|Win32 = Release rmxlib|Win32
		Release rmxlib|x64 = Release rmxlib|x64
		Release Stand Alone|Win32 = Release Stand Alone|Win32
		Release Stand Alone|x64 = Release Stand Alone|x64
		Release|Win32 = Release|Win32
		Release|x64 = Release|x64
	EndGlobalSection
	GlobalSection(ProjectConfigurationPlatforms) = postSolution
		{71B42B5B-2139-4EC9-B093-4EA93F5799B4}.Debug Gaming Edition|Win32.ActiveCfg = Debug|Win32
		{71B42B5B-2139-4EC9-B093-4EA93F5799B4}.Debug Gaming Edition|Win32.Build.0 = Debug|Win32
		{71B42B5B-2139-4EC9-B093-4EA93F5799B4}.Debug Gaming Edition|x64.ActiveCfg = Debug|x64
		{71B42B5B-2139-4EC9-B093-4EA93F5799B4}.Debug Gaming Edition|x64.Build.0 = Debug|x64
		{71B42B5B-2139-4EC9-B093-4EA93F5799B4}.Debug Media Edition|Win32.ActiveCfg = Debug|Win32
		{71B42B5B-2139-4EC9-B093-4EA93F5799B4}.Debug Media Edition|Win32.Build.0 = Debug|Win32
		{71B42B5B-2139-4EC9-B093-4EA93F5799B4}.Debug Media Edition|x64.ActiveCfg = Debug|x64
		{71B42B5B-2139-4EC9-B093-4EA93F5799B4}.Debug Media Edition|x64.Build.0 = Debug|x64
		{71B42B5B-2139-4EC9-B093-4EA93F5799B4}.Debug rmxlib|Win32.ActiveCfg = Debug|Win32
		{71B42B5B-2139-4EC9-B093-4EA93F5799B4}.Debug rmxlib|x64.ActiveCfg = Debug|x64
		{71B42B5B-2139-4EC9-B093-4EA93F5799B4}.Debug Stand Alone|Win32.ActiveCfg = Debug|Win32
		{71B42B5B-2139-4EC9-B093-4EA93F5799B4}.Debug Stand Alone|Win32.Build.0 = Debug|Win32
		{71B42B5B-2139-4EC9-B093-4EA93F5799B4}.Debug Stand Alone|x64.ActiveCfg = Debug|Win32
		{71B42B5B-2139-4EC9-B093-4EA93F5799B4}.Debug Stand Alone|x64.Build.0 = Debug|Win32
		{71B42B5B-2139-4EC9-B093-4EA93F5799B4}.Debug|Win32.ActiveCfg = Debug|Win32
		{71B42B5B-2139-4EC9-B093-4EA93F5799B4}.Debug|Win32.Build.0 = Debug|Win32
		{71B42B5B-2139-4EC9-B093-4EA93F5799B4}.Debug|x64.ActiveCfg = Debug|x64
		{71B42B5B-2139-4EC9-B093-4EA93F5799B4}.Debug|x64.Build.0 = Debug|x64
		{71B42B5B-2139-4EC9-B093-4EA93F5799B4}.Release Gaming Edition|Win32.ActiveCfg = Release|Win32
		{71B42B5B-2139-4EC9-B093-4EA93F5799B4}.Release Gaming Edition|Win32.Build.0 = Release|Win32
		{71B42B5B-2139-4EC9-B093-4EA93F5799B4}.Release Gaming Edition|x64.ActiveCfg = Release|x64
		{71B42B5B-2139-4EC9-B093-4EA93F5799B4}.Release Gaming Edition|x64.Build.0 = Release|x64
		{71B42B5B-2139-4EC9-B093-4EA93F5799B4}.Release Media Edition|Win32.ActiveCfg = Release|Win32
		{71B42B5B-2139-4EC9-B093-4EA93F5799B4}.Release Media Edition|Win32.Build.0 = Release|Win32
		{71B42B5B-2139-4EC9-B093-4EA93F5799B4}.Release Media Edition|x64.ActiveCfg = Release|x64
		{71B42B5B-2139-4EC9-B093-4EA93F5799B4}.Release Media Edition|x64.Build.0 = Release|x64
		{71B42B5B-2139-4EC9-B093-4EA93F5799B4}.Release rmxlib|Win32.ActiveCfg = Release|Win32
		{71B42B5B-2139-4EC9-B093-4EA93F5799B4}.Release rmxlib|x64.ActiveCfg = Release|x64
		{71B42B5B-2139-4EC9-B093-4EA93F5799B4}.Release Stand Alone|Win32.ActiveCfg = Release|Win32
		{71B42B5B-2139-4EC9-B093-4EA93F5799B4}.Release Stand Alone|Win32.Build.0 = Release|Win32
		{71B42B5B-2139-4EC9-B093-4EA93F5799B4}.Release Stand Alone|x64.ActiveCfg = Debug|x64
		{71B42B5B-2139-4EC9-B093-4EA93F5799B4}.Release Stand Alone|x64.Build.0 = Debug|x64
		{71B42B5B-2139-4EC9-B093-4EA93F5799B4}.Release|Win32.ActiveCfg = Release|Win32
		{71B42B5B-2139-4EC9-B093-4EA93F5799B4}.Release|Win32.Build.0 = Release|Win32
		{71B42B5B-2139-4EC9-B093-4EA93F5799B4}.Release|x64.ActiveCfg = Release|x64
		{71B42B5B-2139-4EC9-B093-4EA93F5799B4}.Release|x64.Build.0 = Release|x64
		{53FA8F27-DFF2-49BF-87FD-FEE99CC0DD8E}.Debug Gaming Edition|Win32.ActiveCfg = Debug|Win32
		{53FA8F27-DFF2-49BF-87FD-FEE99CC0DD8E}.Debug Gaming Edition|x64.ActiveCfg = Debug|x64
		{53FA8F27-DFF2-49BF-87FD-FEE99CC0DD8E}.Debug Media Edition|Win32.ActiveCfg = Debug|Win32
		{53FA8F27-DFF2-49BF-87FD-FEE99CC0DD8E}.Debug Media Edition|Win32.Build.0 = Debug|Win32
		{53FA8F27-DFF2-49BF-87FD-FEE99CC0DD8E}.Debug Media Edition|x64.ActiveCfg = Debug|x64
		{53FA8F27-DFF2-49BF-87FD-FEE99CC0DD8E}.Debug Media Edition|x64.Build.0 = Debug|x64
		{53FA8F27-DFF2-49BF-87FD-FEE99CC0DD8E}.Debug rmxlib|Win32.ActiveCfg = Debug|Win32
		{53FA8F27-DFF2-49BF-87FD-FEE99CC0DD8E}.Debug rmxlib|x64.ActiveCfg = Debug|x64
		{53FA8F27-DFF2-49BF-87FD-FEE99CC0DD8E}.Debug Stand Alone|Win32.ActiveCfg = Debug|Win32
		{53FA8F27-DFF2-49BF-87FD-FEE99CC0DD8E}.Debug Stand Alone|x64.ActiveCfg = Debug|Win32
		{53FA8F27-DFF2-49BF-87FD-FEE99CC0DD8E}.Debug|Win32.ActiveCfg = Debug|Win32
		{53FA8F27-DFF2-49BF-87FD-FEE99CC0DD8E}.Debug|Win32.Build.0 = Debug|Win32
		{53FA8F27-DFF2-49BF-87FD-FEE99CC0DD8E}.Debug|x64.ActiveCfg = Debug|x64
		{53FA8F27-DFF2-49BF-87FD-FEE99CC0DD8E}.Release Gaming Edition|Win32.ActiveCfg = Release|Win32
		{53FA8F27-DFF2-49BF-87FD-FEE99CC0DD8E}.Release Gaming Edition|x64.ActiveCfg = Release|x64
		{53FA8F27-DFF2-49BF-87FD-FEE99CC0DD8E}.Release Media Edition|Win32.ActiveCfg = Release|Win32
		{53FA8F27-DFF2-49BF-87FD-FEE99CC0DD8E}.Release Media Edition|Win32.Build.0 = Release|Win32
		{53FA8F27-DFF2-49BF-87FD-FEE99CC0DD8E}.Release Media Edition|x64.ActiveCfg = Release|x64
		{53FA8F27-DFF2-49BF-87FD-FEE99CC0DD8E}.Release Media Edition|x64.Build.0 = Release|x64
		{53FA8F27-DFF2-49BF-87FD-FEE99CC0DD8E}.Release rmxlib|Win32.ActiveCfg = Release|Win32
		{53FA8F27-DFF2-49BF-87FD-FEE99CC0DD8E}.Release rmxlib|x64.ActiveCfg = Release|x64
		{53FA8F27-DFF2-49BF-87FD-FEE99CC0DD8E}.Release Stand Alone|Win32.ActiveCfg = Release|Win32
		{53FA8F27-DFF2-49BF-87FD-FEE99CC0DD8E}.Release Stand Alone|x64.ActiveCfg = Debug|x64
		{53FA8F27-DFF2-49BF-87FD-FEE99CC0DD8E}.Release|Win32.ActiveCfg = Release|Win32
		{53FA8F27-DFF2-49BF-87FD-FEE99CC0DD8E}.Release|Win32.Build.0 = Release|Win32
		{53FA8F27-DFF2-49BF-87FD-FEE99CC0DD8E}.Release|x64.ActiveCfg = Release|x64
		{025C4612-8800-4F2B-9B9D-CDFCA8ADCAC0}.Debug Gaming Edition|Win32.ActiveCfg = Debug|Win32
		{025C4612-8800-4F2B-9B9D-CDFCA8ADCAC0}.Debug Gaming Edition|Win32.Build.0 = Debug|Win32
		{025C4612-8800-4F2B-9B9D-CDFCA8ADCAC0}.Debug Gaming Edition|x64.ActiveCfg = Debug|x64
		{025C4612-8800-4F2B-9B9D-CDFCA8ADCAC0}.Debug Gaming Edition|x64.Build.0 = Debug|x64
		{025C4612-8800-4F2B-9B9D-CDFCA8ADCAC0}.Debug Media Edition|Win32.ActiveCfg = Debug|Win32
		{025C4612-8800-4F2B-9B9D-CDFCA8ADCAC0}.Debug Media Edition|Win32.Build.0 = Debug|Win32
		{025C4612-8800-4F2B-9B9D-CDFCA8ADCAC0}.Debug Media Edition|x64.ActiveCfg = Debug|x64
		{025C4612-8800-4F2B-9B9D-CDFCA8ADCAC0}.Debug Media Edition|x64.Build.0 = Debug|x64
		{025C4612-8800-4F2B-9B9D-CDFCA8ADCAC0}.Debug rmxlib|Win32.ActiveCfg = Debug|Win32
		{025C4612-8800-4F2B-9B9D-CDFCA8ADCAC0}.Debug rmxlib|x64.ActiveCfg = Debug|x64
		{025C4612-8800-4F2B-9B9D-CDFCA8ADCAC0}.Debug Stand Alone|Win32.ActiveCfg = Debug|Win32
		{025C4612-8800-4F2B-9B9D-CDFCA8ADCAC0}.Debug Stand Alone|Win32.Build.0 = Debug|Win32
		{025C4612-8800-4F2B-9B9D-CDFCA8ADCAC0}.Debug Stand Alone|x64.ActiveCfg = Debug|Win32
		{025C4612-8800-4F2B-9B9D-CDFCA8ADCAC0}.Debug Stand Alone|x64.Build.0 = Debug|Win32
		{025C4612-8800-4F2B-9B9D-CDFCA8ADCAC0}.Debug|Win32.ActiveCfg = Debug|Win32
		{025C4612-8800-4F2B-9B9D-CDFCA8ADCAC0}.Debug|Win32.Build.0 = Debug|Win32
		{025C4612-8800-4F2B-9B9D-CDFCA8ADCAC0}.Debug|x64.ActiveCfg = Debug|x64
		{025C4612-8800-4F2B-9B9D-CDFCA8ADCAC0}.Debug|x64.Build.0 = Debug|x64
		{025C4612-8800-4F2B-9B9D-CDFCA8ADCAC0}.Release Gaming Edition|Win32.ActiveCfg = Release|Win32
		{025C4612-8800-4F2B-9B9D-CDFCA8ADCAC0}.Release Gaming Edition|Win32.Build.0 = Release|Win32
		{025C4612-8800-4F2B-9B9D-CDFCA8ADCAC0}.Release Gaming Edition|x64.ActiveCfg = Release|x64
		{025C4612-8800-4F2B-9B9D-CDFCA8ADCAC0}.Release Gaming Edition|x64.Build.0 = Release|x64
		{025C4612-8800-4F2B-9B9D-CDFCA8ADCAC0}.Release Media Edition|Win32.ActiveCfg = Release|Win32
		{025C4612-8800-4F2B-9B9D-CDFCA8ADCAC0}.Release Media Edition|Win32.Build.0 = Release|Win32
		{025C4612-8800-4F2B-9B9D-CDFCA8ADCAC0}.Release Media Edition|x64.ActiveCfg = Release|x64
		{025C4612-8800-4F2B-9B9D-CDFCA8ADCAC0}.Release Media Edition|x64.Build.0 = Release|x64
		{025C4612-8800-4F2B-9B9D-CDFCA8ADCAC0}.Release rmxlib|Win32.ActiveCfg = Release|Win32
		{025C4612-8800-4F2B-9B9D-CDFCA8ADCAC0}.Release rmxlib|x64.ActiveCfg = Release|x64
		{025C4612-8800-4F2B-9B9D-CDFCA8ADCAC0}.Release Stand Alone|Win32.ActiveCfg = Release|Win32
		{025C4612-8800-4F2B-9B9D-CDFCA8ADCAC0}.Release Stand Alone|Win32.Build.0 = Release|Win32
		{025C4612-8800-4F2B-9B9D-CDFCA8ADCAC0}.Release Stand Alone|x64.ActiveCfg = Debug|x64
		{025C4612-8800-4F2B-9B9D-CDFCA8ADCAC0}.Release Stand Alone|x64.Build.0 = Debug|x64
		{025C4612-8800-4F2B-9B9D-CDFCA8ADCAC0}.Release|Win32.ActiveCfg = Release|Win32
		{025C4612-8800-4F2B-9B9D-CDFCA8ADCAC0}.Release|Win32.Build.0 = Release|Win32
		{025C4612-8800-4F2B-9B9D-CDFCA8ADCAC0}.Release|x64.ActiveCfg = Release|x64
		{025C4612-8800-4F2B-9B9D-CDFCA8ADCAC0}.Release|x64.Build.0 = Release|x64
		{2E8AB829-009E-410D-902A-A0B46B137170}.Debug Gaming Edition|Win32.ActiveCfg = Debug|Win32
		{2E8AB829-009E-410D-902A-A0B46B137170}.Debug Gaming Edition|x64.ActiveCfg = Debug|x64
		{2E8AB829-009E-410D-902A-A0B46B137170}.Debug Media Edition|Win32.ActiveCfg = Debug|Win32
		{2E8AB829-009E-410D-902A-A0B46B137170}.Debug Media Edition|x64.ActiveCfg = Debug|x64
		{2E8AB829-009E-410D-902A-A0B46B137170}.Debug rmxlib|Win32.ActiveCfg = Debug|Win32
		{2E8AB829-009E-410D-902A-A0B46B137170}.Debug rmxlib|Win32.Build.0 = Debug|Win32
		{2E8AB829-009E-410D-902A-A0B46B137170}.Debug rmxlib|x64.ActiveCfg = Debug|x64
		{2E8AB829-009E-410D-902A-A0B46B137170}.Debug rmxlib|x64.Build.0 = Debug|x64
		{2E8AB829-009E-410D-902A-A0B46B137170}.Debug Stand Alone|Win32.ActiveCfg = Debug|Win32
		{2E8AB829-009E-410D-902A-A0B46B137170}.Debug Stand Alone|x64.ActiveCfg = Debug|Win32
		{2E8AB829-009E-410D-902A-A0B46B137170}.Debug|Win32.ActiveCfg = Debug|Win32
		{2E8AB829-009E-410D-902A-A0B46B137170}.Debug|Win32.Build.0 = Debug|Win32
		{2E8AB829-009E-410D-902A-A0B46B137170}.Debug|x64.ActiveCfg = Debug|x64
		{2E8AB829-009E-410D-902A-A0B46B137170}.Release Gaming Edition|Win32.ActiveCfg = Release|Win32
		{2E8AB829-009E-410D-902A-A0B46B137170}.Release Gaming Edition|x64.ActiveCfg = Release|x64
		{2E8AB829-009E-410D-902A-A0B46B137170}.Release Media Edition|Win32.ActiveCfg = Release|Win32
		{2E8AB829-009E-410D-902A-A0B46B137170}.Release Media Edition|x64.ActiveCfg = Release|x64
		{2E8AB829-009E-410D-902A-A0B46B137170}.Release rmxlib|Win32.ActiveCfg = Release|Win32
		{2E8AB829-009E-410D-902A-A0B46B137170}.Release rmxlib|Win32.Build.0 = Release|Win32
		{2E8AB829-009E-410D-902A-A0B46B137170}.Release rmxlib|x64.ActiveCfg = Release|x64
		{2E8AB829-009E-410D-902A-A0B46B137170}.Release rmxlib|x64.Build.0 = Release|x64
		{2E8AB829-009E-410D-902A-A0B46B137170}.Release Stand Alone|Win32.ActiveCfg = Release|Win32
		{2E8AB829-009E-410D-902A-A0B46B137170}.Release Stand Alone|x64.ActiveCfg = Debug|x64
		{2E8AB829-009E-410D-902A-A0B46B137170}.Release|Win32.ActiveCfg = Release|Win32
		{2E8AB829-009E-410D-902A-A0B46B137170}.Release|Win32.Build.0 = Release|Win32
		{2E8AB829-009E-410D-902A-A0B46B137170}.Release|x64.ActiveCfg = Release|x64
		{733EE189-0A48-4D78-A6A5-217CF62EDA95}.Debug Gaming Edition|Win32.ActiveCfg = Debug|Win32
		{733EE189-0A48-4D78-A6A5-217CF62EDA95}.Debug Gaming Edition|x64.ActiveCfg = Debug|x64
		{733EE189-0A48-4D78-A6A5-217CF62EDA95}.Debug Media Edition|Win32.ActiveCfg = Debug|Win32
		{733EE189-0A48-4D78-A6A5-217CF62EDA95}.Debug Media Edition|x64.ActiveCfg = Debug|x64
		{733EE189-0A48-4D78-A6A5-217CF62EDA95}.Debug rmxlib|Win32.ActiveCfg = Debug|Win32
		{733EE189-0A48-4D78-A6A5-217CF62EDA95}.Debug rmxlib|x64.ActiveCfg = Debug|x64
		{733EE189-0A48-4D78-A6A5-217CF62EDA95}.Debug Stand Alone|Win32.ActiveCfg = Debug|Win32
		{733EE189-0A48-4D78-A6A5-217CF62EDA95}.Debug Stand Alone|Win32.Build.0 = Debug|Win32
		{733EE189-0A48-4D78-A6A5-217CF62EDA95}.Debug Stand Alone|x64.ActiveCfg = Debug|Win32
		{733EE189-0A48-4D78-A6A5-217CF62EDA95}.Debug Stand Alone|x64.Build.0 = Debug|Win32
		{733EE189-0A48-4D78-A6A5-217CF62EDA95}.Debug|Win32.ActiveCfg = Debug|Win32
		{733EE189-0A48-4D78-A6A5-217CF62EDA95}.Debug|Win32.Build.0 = Debug|Win32
		{733EE189-0A48-4D78-A6A5-217CF62EDA95}.Debug|x64.ActiveCfg = Debug|x64
		{733EE189-0A48-4D78-A6A5-217CF62EDA95}.Debug|x64.Build.0 = Debug|x64
		{733EE189-0A48-4D78-A6A5-217CF62EDA95}.Release Gaming Edition|Win32.ActiveCfg = Release|Win32
		{733EE189-0A48-4D78-A6A5-217CF62EDA95}.Release Gaming Edition|x64.ActiveCfg = Release|x64
		{733EE189-0A48-4D78-A6A5-217CF62EDA95}.Release Media Edition|Win32.ActiveCfg = Release|Win32
		{733EE189-0A48-4D78-A6A5-217CF62EDA95}.Release Media Edition|x64.ActiveCfg = Release|x64
		{733EE189-0A48-4D78-A6A5-217CF62EDA95}.Release rmxlib|Win32.ActiveCfg = Release|Win32
		{733EE189-0A48-4D78-A6A5-217CF62EDA95}.Release rmxlib|x64.ActiveCfg = Release|x64
		{733EE189-0A48-4D78-A6A5-217CF62EDA95}.Release Stand Alone|Win32.ActiveCfg = Release|Win32
		{733EE189-0A48-4D78-A6A5-217CF62EDA95}.Release Stand Alone|Win32.Build.0 = Release|Win32
		{733EE189-0A48-4D78-A6A5-217CF62EDA95}.Release Stand Alone|x64.ActiveCfg = Debug|x64
		{733EE189-0A48-4D78-A6A5-217CF62EDA95}.Release Stand Alone|x64.Build.0 = Debug|x64
		{733EE189-0A48-4D78-A6A5-217CF62EDA95}.Release|Win32.ActiveCfg = Release|Win32
		{733EE189-0A48-4D78-A6A5-217CF62EDA95}.Release|Win32.Build.0 = Release|Win32
		{733EE189-0A48-4D78-A6A5-217CF62EDA95}.Release|x64.ActiveCfg = Release|x64
		{733EE189-0A48-4D78-A6A5-217CF62EDA95}.Release|x64.Build.0 = Release|x64
		{161198BC-4C54-48FE-9CF8-129E41870495}.Debug Gaming Edition|Win32.ActiveCfg = Debug|Win32
		{161198BC-4C54-48FE-9CF8-129E41870495}.Debug Gaming Edition|Win32.Build.0 = Debug|Win32
		{161198BC-4C54-48FE-9CF8-129E41870495}.Debug Gaming Edition|x64.ActiveCfg = Debug|x64
		{161198BC-4C54-48FE-9CF8-129E41870495}.Debug Gaming Edition|x64.Build.0 = Debug|x64
		{161198BC-4C54-48FE-9CF8-129E41870495}.Debug Media Edition|Win32.ActiveCfg = Debug|Win32
		{161198BC-4C54-48FE-9CF8-129E41870495}.Debug Media Edition|Win32.Build.0 = Debug|Win32
		{161198BC-4C54-48FE-9CF8-129E41870495}.Debug Media Edition|x64.ActiveCfg = Debug|x64
		{161198BC-4C54-48FE-9CF8-129E41870495}.Debug Media Edition|x64.Build.0 = Debug|x64
		{161198BC-4C54-48FE-9CF8-129E41870495}.Debug rmxlib|Win32.ActiveCfg = Debug|Win32
		{161198BC-4C54-48FE-9CF8-129E41870495}.Debug rmxlib|x64.ActiveCfg = Debug|x64
		{161198BC-4C54-48FE-9CF8-129E41870495}.Debug Stand Alone|Win32.ActiveCfg = Debug|Win32
		{161198BC-4C54-48FE-9CF8-129E41870495}.Debug Stand Alone|Win32.Build.0 = Debug|Win32
		{161198BC-4C54-48FE-9CF8-129E41870495}.Debug Stand Alone|x64.ActiveCfg = Debug|Win32
		{161198BC-4C54-48FE-9CF8-129E41870495}.Debug Stand Alone|x64.Build.0 = Debug|Win32
		{161198BC-4C54-48FE-9CF8-129E41870495}.Debug|Win32.ActiveCfg = Debug|Win32
		{161198BC-4C54-48FE-9CF8-129E41870495}.Debug|Win32.Build.0 = Debug|Win32
		{161198BC-4C54-48FE-9CF8-129E41870495}.Debug|x64.ActiveCfg = Debug|x64
		{161198BC-4C54-48FE-9CF8-129E41870495}.Debug|x64.Build.0 = Debug|x64
		{161198BC-4C54-48FE-9CF8-129E41870495}.Release Gaming Edition|Win32.ActiveCfg = Release|Win32
		{161198BC-4C54-48FE-9CF8-129E41870495}.Release Gaming Edition|Win32.Build.0 = Release|Win32
		{161198BC-4C54-48FE-9CF8-129E41870495}.Release Gaming Edition|x64.ActiveCfg = Release|x64
		{161198BC-4C54-48FE-9CF8-129E41870495}.Release Gaming Edition|x64.Build.0 = Release|x64
		{161198BC-4C54-48FE-9CF8-129E41870495}.Release Media Edition|Win32.ActiveCfg = Release|Win32
		{161198BC-4C54-48FE-9CF8-129E41870495}.Release Media Edition|Win32.Build.0 = Release|Win32
		{161198BC-4C54-48FE-9CF8-129E41870495}.Release Media Edition|x64.ActiveCfg = Release|x64
		{161198BC-4C54-48FE-9CF8-129E41870495}.Release Media Edition|x64.Build.0 = Release|x64
		{161198BC-4C54-48FE-9CF8-129E41870495}.Release rmxlib|Win32.ActiveCfg = Release|Win32
		{161198BC-4C54-48FE-9CF8-129E41870495}.Release rmxlib|x64.ActiveCfg = Release|x64
		{161198BC-4C54-48FE-9CF8-129E41870495}.Release Stand Alone|Win32.ActiveCfg = Release|Win32
		{161198BC-4C54-48FE-9CF8-129E41870495}.Release Stand Alone|Win32.Build.0 = Release|Win32
		{161198BC-4C54-48FE-9CF8-129E41870495}.Release Stand Alone|x64.ActiveCfg = Debug|x64
		{161198BC-4C54-48FE-9CF8-129E41870495}.Release Stand Alone|x64.Build.0 = Debug|x64
		{161198BC-4C54-48FE-9CF8-129E41870495}.Release|Win32.ActiveCfg = Release|Win32
		{161198BC-4C54-48FE-9CF8-129E41870495}.Release|Win32.Build.0 = Release|Win32
		{161198BC-4C54-48FE-9CF8-129E41870495}.Release|x64.ActiveCfg = Release|x64
		{161198BC-4C54-48FE-9CF8-129E41870495}.Release|x64.Build.0 = Release|x64
		{3A766B07-E2D8-45DA-B586-9D247F320A66}.Debug Gaming Edition|Win32.ActiveCfg = Debug|Win32
		{3A766B07-E2D8-45DA-B586-9D247F320A66}.Debug Gaming Edition|x64.ActiveCfg = Debug|x64
		{3A766B07-E2D8-45DA-B586-9D247F320A66}.Debug Media Edition|Win32.ActiveCfg = Debug|Win32
		{3A766B07-E2D8-45DA-B586-9D247F320A66}.Debug Media Edition|Win32.Build.0 = Debug|Win32
		{3A766B07-E2D8-45DA-B586-9D247F320A66}.Debug Media Edition|x64.ActiveCfg = Debug|x64
		{3A766B07-E2D8-45DA-B586-9D247F320A66}.Debug Media Edition|x64.Build.0 = Debug|x64
		{3A766B07-E2D8-45DA-B586-9D247F320A66}.Debug rmxlib|Win32.ActiveCfg = Debug|Win32
		{3A766B07-E2D8-45DA-B586-9D247F320A66}.Debug rmxlib|x64.ActiveCfg = Debug|x64
		{3A766B07-E2D8-45DA-B586-9D247F320A66}.Debug Stand Alone|Win32.ActiveCfg = Debug|Win32
		{3A766B07-E2D8-45DA-B586-9D247F320A66}.Debug Stand Alone|x64.ActiveCfg = Debug|Win32
		{3A766B07-E2D8-45DA-B586-9D247F320A66}.Debug|Win32.ActiveCfg = Debug|Win32
		{3A766B07-E2D8-45DA-B586-9D247F320A66}.Debug|Win32.Build.0 = Debug|Win32
		{3A766B07-E2D8-45DA-B586-9D247F320A66}.Debug|x64.ActiveCfg = Debug|x64
		{3A766B07-E2D8-45DA-B586-9D247F320A66}.Release Gaming Edition|Win32.ActiveCfg = Release|Win32
		{3A766B07-E2D8-45DA-B586-9D247F320A66}.Release Gaming Edition|x64.ActiveCfg = Release|x64
		{3A766B07-E2D8-45DA-B586-9D247F320A66}.Release Media Edition|Win32.ActiveCfg = Release|Win32
		{3A766B07-E2D8-45DA-B586-9D247F320A66}.Release Media Edition|Win32.Build.0 = Release|Win32
		{3A766B07-E2D8-45DA-B586-9D247F320A66}.Release Media Edition|x64.ActiveCfg = Release|x64
		{3A766B07-E2D8-45DA-B586-9D247F320A66}.Release Media Edition|x64.Build.0 = Release|x64
		{3A766B07-E2D8-45DA-B586-9D247F320A66}.Release rmxlib|Win32.ActiveCfg = Release|Win32
		{3A766B07-E2D8-45DA-B586-9D247F320A66}.Release rmxlib|x64.ActiveCfg = Release|x64
		{3A766B07-E2D8-45DA-B586-9D247F320A66}.Release Stand Alone|Win32.ActiveCfg = Release|Win32
		{3A766B07-E2D8-45DA-B586-9D247F320A66}.Release Stand Alone|x64.ActiveCfg = Debug|x64
		{3A766B07-E2D8-45DA-B586-9D247F320A66}.Release|Win32.ActiveCfg = Release|Win32
		{3A766B07-E2D8-45DA-B586-9D247F320A66}.Release|Win32.Build.0 = Release|Win32
		{3A766B07-E2D8-45DA-B586-9D247F320A66}.Release|x64.ActiveCfg = Release|x64
		{AB47451D-5F6A-48E3-883C-54DC9B62F463}.Debug Gaming Edition|Win32.ActiveCfg = Debug|Win32
		{AB47451D-5F6A-48E3-883C-54DC9B62F463}.Debug Gaming Edition|x64.ActiveCfg = Debug|x64
		{AB47451D-5F6A-48E3-883C-54DC9B62F463}.Debug Media Edition|Win32.ActiveCfg = Debug|Win32
		{AB47451D-5F6A-48E3-883C-54DC9B62F463}.Debug Media Edition|Win32.Build.0 = Debug|Win32
		{AB47451D-5F6A-48E3-883C-54DC9B62F463}.Debug Media Edition|x64.ActiveCfg = Debug|x64
		{AB47451D-5F6A-48E3-883C-54DC9B62F463}.Debug Media Edition|x64.Build.0 = Debug|x64
		{AB47451D-5F6A-48E3-883C-54DC9B62F463}.Debug rmxlib|Win32.ActiveCfg = Debug|Win32
		{AB47451D-5F6A-48E3-883C-54DC9B62F463}.Debug rmxlib|x64.ActiveCfg = Debug|x64
		{AB47451D-5F6A-48E3-883C-54DC9B62F463}.Debug Stand Alone|Win32.ActiveCfg = Debug|Win32
		{AB47451D-5F6A-48E3-883C-54DC9B62F463}.Debug Stand Alone|x64.ActiveCfg = Debug|Win32
		{AB47451D-5F6A-48E3-883C-54DC9B62F463}.Debug|Win32.ActiveCfg = Debug|Win32
		{AB47451D-5F6A-48E3-883C-54DC9B62F463}.Debug|Win32.Build.0 = Debug|Win32
		{AB47451D-5F6A-48E3-883C-54DC9B62F463}.Debug|x64.ActiveCfg = Debug|x64
		{AB47451D-5F6A-48E3-883C-54DC9B62F463}.Release Gaming Edition|Win32.ActiveCfg = Release|Win32
		{AB47451D-5F6A-48E3-883C-54DC9B62F463}.Release Gaming Edition|x64.ActiveCfg = Release|x64
		{AB47451D-5F6A-48E3-883C-54DC9B62F463}.Release Media Edition|Win32.ActiveCfg = Release|Win32
		{AB47451D-5F6A-48E3-883C-54DC9B62F463}.Release Media Edition|Win32.Build.0 = Release|Win32
		{AB47451D-5F6A-48E3-883C-54DC9B62F463}.Release Media Edition|x64.ActiveCfg = Release|x64
		{AB47451D-5F6A-48E3-883C-54DC9B62F463}.Release Media Edition|x64.Build.0 = Release|x64
		{AB47451D-5F6A-48E3-883C-54DC9B62F463}.Release rmxlib|Win32.ActiveCfg = Release|Win32
		{AB47451D-5F6A-48E3-883C-54DC9B62F463}.Release rmxlib|x64.ActiveCfg = Release|x64
		{AB47451D-5F6A-48E3-883C-54DC9B62F463}.Release Stand Alone|Win32.ActiveCfg = Release|Win32
		{AB47451D-5F6A-48E3-883C-54DC9B62F463}.Release Stand Alone|x64.ActiveCfg = Debug|x64
		{AB47451D-5F6A-48E3-883C-54DC9B62F463}.Release|Win32.ActiveCfg = Release|Win32
		{AB47451D-5F6A-48E3-883C-54DC9B62F463}.Release|Win32.Build.0 = Release|Win32
		{AB47451D-5F6A-48E3-883C-54DC9B62F463}.Release|x64.ActiveCfg = Release|x64
		{B30EEC6A-CF64-4AB1-9EE4-C72124DAFD89}.Debug Gaming Edition|Win32.ActiveCfg = Debug|Win32
		{B30EEC6A-CF64-4AB1-9EE4-C72124DAFD89}.Debug Gaming Edition|x64.ActiveCfg = Debug|x64
		{B30EEC6A-CF64-4AB1-9EE4-C72124DAFD89}.Debug Media Edition|Win32.ActiveCfg = Debug|Win32
		{B30EEC6A-CF64-4AB1-9EE4-C72124DAFD89}.Debug Media Edition|Win32.Build.0 = Debug|Win32
		{B30EEC6A-CF64-4AB1-9EE4-C72124DAFD89}.Debug Media Edition|x64.ActiveCfg = Debug|x64
		{B30EEC6A-CF64-4AB1-9EE4-C72124DAFD89}.Debug Media Edition|x64.Build.0 = Debug|x64
		{B30EEC6A-CF64-4AB1-9EE4-C72124DAFD89}.Debug rmxlib|Win32.ActiveCfg = Debug|Win32
		{B30EEC6A-CF64-4AB1-9EE4-C72124DAFD89}.Debug rmxlib|x64.ActiveCfg = Debug|x64
		{B30EEC6A-CF64-4AB1-9EE4-C72124DAFD89}.Debug Stand Alone|Win32.ActiveCfg = Debug|Win32
		{B30EEC6A-CF64-4AB1-9EE4-C72124DAFD89}.Debug Stand Alone|x64.ActiveCfg = Debug|Win32
		{B30EEC6A-CF64-4AB1-9EE4-C72124DAFD89}.Debug|Win32.ActiveCfg = Debug|Win32
		{B30EEC6A-CF64-4AB1-9EE4-C72124DAFD89}.Debug|Win32.Build.0 = Debug|Win32
		{B30EEC6A-CF64-4AB1-9EE4-C72124DAFD89}.Debug|x64.ActiveCfg = Debug|x64
		{B30EEC6A-CF64-4AB1-9EE4-C72124DAFD89}.Release Gaming Edition|Win32.ActiveCfg = Release|Win32
		{B30EEC6A-CF64-4AB1-9EE4-C72124DAFD89}.Release Gaming Edition|x64.ActiveCfg = Release|x64
		{B30EEC6A-CF64-4AB1-9EE4-C72124DAFD89}.Release Media Edition|Win32.ActiveCfg = Release|Win32
		{B30EEC6A-CF64-4AB1-9EE4-C72124DAFD89}.Release Media Edition|Win32.Build.0 = Release|Win32
		{B30EEC6A-CF64-4AB1-9EE4-C72124DAFD89}.Release Media Edition|x64.ActiveCfg = Release|x64
		{B30EEC6A-CF64-4AB1-9EE4-C72124DAFD89}.Release Media Edition|x64.Build.0 = Release|x64
		{B30EEC6A-CF64-4AB1-9EE4-C72124DAFD89}.Release rmxlib|Win32.ActiveCfg = Release|Win32
		{B30EEC6A-CF64-4AB1-9EE4-C72124DAFD89}.Release rmxlib|x64.ActiveCfg = Release|x64
		{B30EEC6A-CF64-4AB1-9EE4-C72124DAFD89}.Release Stand Alone|Win32.ActiveCfg = Release|Win32
		{B30EEC6A-CF64-4AB1-9EE4-C72124DAFD89}.Release Stand Alone|x64.ActiveCfg = Debug|x64
		{B30EEC6A-CF64-4AB1-9EE4-C72124DAFD89}.Release|Win32.ActiveCfg = Release|Win32
		{B30EEC6A-CF64-4AB1-9EE4-C72124DAFD89}.Release|Win32.Build.0 = Release|Win32
		{B30EEC6A-CF64-4AB1-9EE4-C72124DAFD89}.Release|x64.ActiveCfg = Release|x64
		{80189028-5BC3-4426-9A75-377A33708AD2}.Debug Gaming Edition|Win32.ActiveCfg = Debug|Win32
		{80189028-5BC3-4426-9A75-377A33708AD2}.Debug Gaming Edition|x64.ActiveCfg = Debug|x64
		{80189028-5BC3-4426-9A75-377A33708AD2}.Debug Media Edition|Win32.ActiveCfg = Debug|Win32
		{80189028-5BC3-4426-9A75-377A33708AD2}.Debug Media Edition|Win32.Build.0 = Debug|Win32
		{80189028-5BC3-4426-9A75-377A33708AD2}.Debug Media Edition|x64.ActiveCfg = Debug|x64
		{80189028-5BC3-4426-9A75-377A33708AD2}.Debug Media Edition|x64.Build.0 = Debug|x64
		{80189028-5BC3-4426-9A75-377A33708AD2}.Debug rmxlib|Win32.ActiveCfg = Debug|Win32
		{80189028-5BC3-4426-9A75-377A33708AD2}.Debug rmxlib|x64.ActiveCfg = Debug|x64
		{80189028-5BC3-4426-9A75-377A33708AD2}.Debug Stand Alone|Win32.ActiveCfg = Debug|Win32
		{80189028-5BC3-4426-9A75-377A33708AD2}.Debug Stand Alone|x64.ActiveCfg = Debug|Win32
		{80189028-5BC3-4426-9A75-377A33708AD2}.Debug|Win32.ActiveCfg = Debug|Win32
		{80189028-5BC3-4426-9A75-377A33708AD2}.Debug|Win32.Build.0 = Debug|Win32
		{80189028-5BC3-4426-9A75-377A33708AD2}.Debug|x64.ActiveCfg = Debug|x64
		{80189028-5BC3-4426-9A75-377A33708AD2}.Release Gaming Edition|Win32.ActiveCfg = Release|Win32
		{80189028-5BC3-4426-9A75-377A33708AD2}.Release Gaming Edition|x64.ActiveCfg = Release|x64
		{80189028-5BC3-4426-9A75-377A33708AD2}.Release Media Edition|Win32.ActiveCfg = Release|Win32
		{80189028-5BC3-4426-9A75-377A33708AD2}.Release Media Edition|Win32.Build.0 = Release|Win32
		{80189028-5BC3-4426-9A75-377A33708AD2}.Release Media Edition|x64.ActiveCfg = Release|x64
		{80189028-5BC3-4426-9A75-377A33708AD2}.Release Media Edition|x64.Build.0 = Release|x64
		{80189028-5BC3-4426-9A75-377A33708AD2}.Release rmxlib|Win32.ActiveCfg = Release|Win32
		{80189028-5BC3-4426-9A75-377A33708AD2}.Release rmxlib|x64.ActiveCfg = Release|x64
		{80189028-5BC3-4426-9A75-377A33708AD2}.Release Stand Alone|Win32.ActiveCfg = Release|Win32
		{80189028-5BC3-4426-9A75-377A33708AD2}.Release Stand Alone|x64.ActiveCfg = Debug|x64
		{80189028-5BC3-4426-9A75-377A33708AD2}.Release|Win32.ActiveCfg = Release|Win32
		{80189028-5BC3-4426-9A75-377A33708AD2}.Release|Win32.Build.0 = Release|Win32
		{80189028-5BC3-4426-9A75-377A33708AD2}.Release|x64.ActiveCfg = Release|x64
		{5429B569-E9D4-4991-9FFE-001C7906AB54}.Debug Gaming Edition|Win32.ActiveCfg = Debug|Win32
		{5429B569-E9D4-4991-9FFE-001C7906AB54}.Debug Gaming Edition|Win32.Build.0 = Debug|Win32
		{5429B569-E9D4-4991-9FFE-001C7906AB54}.Debug Gaming Edition|x64.ActiveCfg = Debug|x64
		{5429B569-E9D4-4991-9FFE-001C7906AB54}.Debug Gaming Edition|x64.Build.0 = Debug|x64
		{5429B569-E9D4-4991-9FFE-001C7906AB54}.Debug Media Edition|Win32.ActiveCfg = Debug|Win32
		{5429B569-E9D4-4991-9FFE-001C7906AB54}.Debug Media Edition|Win32.Build.0 = Debug|Win32
		{5429B569-E9D4-4991-9FFE-001C7906AB54}.Debug Media Edition|x64.ActiveCfg = Debug|x64
		{5429B569-E9D4-4991-9FFE-001C7906AB54}.Debug Media Edition|x64.Build.0 = Debug|x64
		{5429B569-E9D4-4991-9FFE-001C7906AB54}.Debug rmxlib|Win32.ActiveCfg = Debug|Win32
		{5429B569-E9D4-4991-9FFE-001C7906AB54}.Debug rmxlib|x64.ActiveCfg = Debug|x64
		{5429B569-E9D4-4991-9FFE-001C7906AB54}.Debug Stand Alone|Win32.ActiveCfg = Debug|Win32
		{5429B569-E9D4-4991-9FFE-001C7906AB54}.Debug Stand Alone|Win32.Build.0 = Debug|Win32
		{5429B569-E9D4-4991-9FFE-001C7906AB54}.Debug Stand Alone|x64.ActiveCfg = Debug|Win32
		{5429B569-E9D4-4991-9FFE-001C7906AB54}.Debug Stand Alone|x64.Build.0 = Debug|Win32
		{5429B569-E9D4-4991-9FFE-001C7906AB54}.Debug|Win32.ActiveCfg = Debug|Win32
		{5429B569-E9D4-4991-9FFE-001C7906AB54}.Debug|Win32.Build.0 = Debug|Win32
		{5429B569-E9D4-4991-9FFE-001C7906AB54}.Debug|x64.ActiveCfg = Debug|x64
		{5429B569-E9D4-4991-9FFE-001C7906AB54}.Debug|x64.Build.0 = Debug|x64
		{5429B569-E9D4-4991-9FFE-001C7906AB54}.Release Gaming Edition|Win32.ActiveCfg = Release|Win32
		{5429B569-E9D4-4991-9FFE-001C7906AB54}.Release Gaming Edition|Win32.Build.0 = Release|Win32
		{5429B569-E9D4-4991-9FFE-001C7906AB54}.Release Gaming Edition|x64.ActiveCfg = Release|x64
		{5429B569-E9D4-4991-9FFE-001C7906AB54}.Release Gaming Edition|x64.Build.0 = Release|x64
		{5429B569-E9D4-4991-9FFE-001C7906AB54}.Release Media Edition|Win32.ActiveCfg = Release|Win32
		{5429B569-E9D4-4991-9FFE-001C7906AB54}.Release Media Edition|Win32.Build.0 = Release|Win32
		{5429B569-E9D4-4991-9FFE-001C7906AB54}.Release Media Edition|x64.ActiveCfg = Release|x64
		{5429B569-E9D4-4991-9FFE-001C7906AB54}.Release Media Edition|x64.Build.0 = Release|x64
		{5429B569-E9D4-4991-9FFE-001C7906AB54}.Release rmxlib|Win32.ActiveCfg = Release|Win32
		{5429B569-E9D4-4991-9FFE-001C7906AB54}.Release rmxlib|x64.ActiveCfg = Release|x64
		{5429B569-E9D4-4991-9FFE-001C7906AB54}.Release Stand Alone|Win32.ActiveCfg = Release|Win32
		{5429B569-E9D4-4991-9FFE-001C7906AB54}.Release Stand Alone|Win32.Build.0 = Release|Win32
		{5429B569-E9D4-4991-9FFE-001C7906AB54}.Release Stand Alone|x64.ActiveCfg = Debug|x64
		{5429B569-E9D4-4991-9FFE-001C7906AB54}.Release Stand Alone|x64.Build.0 = Debug|x64
		{5429B569-E9D4-4991-9FFE-001C7906AB54}.Release|Win32.ActiveCfg = Release|Win32
		{5429B569-E9D4-4991-9FFE-001C7906AB54}.Release|Win32.Build.0 = Release|Win32
		{5429B569-E9D4-4991-9FFE-001C7906AB54}.Release|x64.ActiveCfg = Release|x64
		{5429B569-E9D4-4991-9FFE-001C7906AB54}.Release|x64.Build.0 = Release|x64
		{5298F92A-8A53-484F-9A0D-40F4D0FDA17F}.Debug Gaming Edition|Win32.ActiveCfg = Debug|Win32
		{5298F92A-8A53-484F-9A0D-40F4D0FDA17F}.Debug Gaming Edition|Win32.Build.0 = Debug|Win32
		{5298F92A-8A53-484F-9A0D-40F4D0FDA17F}.Debug Gaming Edition|x64.ActiveCfg = Debug|x64
		{5298F92A-8A53-484F-9A0D-40F4D0FDA17F}.Debug Gaming Edition|x64.Build.0 = Debug|x64
		{5298F92A-8A53-484F-9A0D-40F4D0FDA17F}.Debug Media Edition|Win32.ActiveCfg = Debug|Win32
		{5298F92A-8A53-484F-9A0D-40F4D0FDA17F}.Debug Media Edition|x64.ActiveCfg = Debug|x64
		{5298F92A-8A53-484F-9A0D-40F4D0FDA17F}.Debug rmxlib|Win32.ActiveCfg = Debug|Win32
		{5298F92A-8A53-484F-9A0D-40F4D0FDA17F}.Debug rmxlib|x64.ActiveCfg = Debug|x64
		{5298F92A-8A53-484F-9A0D-40F4D0FDA17F}.Debug Stand Alone|Win32.ActiveCfg = Debug|Win32
		{5298F92A-8A53-484F-9A0D-40F4D0FDA17F}.Debug Stand Alone|x64.ActiveCfg = Debug|Win32
		{5298F92A-8A53-484F-9A0D-40F4D0FDA17F}.Debug|Win32.ActiveCfg = Debug|Win32
		{5298F92A-8A53-484F-9A0D-40F4D0FDA17F}.Debug|Win32.Build.0 = Debug|Win32
		{5298F92A-8A53-484F-9A0D-40F4D0FDA17F}.Debug|x64.ActiveCfg = Debug|x64
		{5298F92A-8A53-484F-9A0D-40F4D0FDA17F}.Release Gaming Edition|Win32.ActiveCfg = Release|Win32
		{5298F92A-8A53-484F-9A0D-40F4D0FDA17F}.Release Gaming Edition|Win32.Build.0 = Release|Win32
		{5298F92A-8A53-484F-9A0D-40F4D0FDA17F}.Release Gaming Edition|x64.ActiveCfg = Release|x64
		{5298F92A-8A53-484F-9A0D-40F4D0FDA17F}.Release Gaming Edition|x64.Build.0 = Release|x64
		{5298F92A-8A53-484F-9A0D-40F4D0FDA17F}.Release Media Edition|Win32.ActiveCfg = Release|Win32
		{5298F92A-8A53-484F-9A0D-40F4D0FDA17F}.Release Media Edition|x64.ActiveCfg = Release|x64
		{5298F92A-8A53-484F-9A0D-40F4D0FDA17F}.Release rmxlib|Win32.ActiveCfg = Release|Win32
		{5298F92A-8A53-484F-9A0D-40F4D0FDA17F}.Release rmxlib|x64.ActiveCfg = Release|x64
		{5298F92A-8A53-484F-9A0D-40F4D0FDA17F}.Release Stand Alone|Win32.ActiveCfg = Release|Win32
		{5298F92A-8A53-484F-9A0D-40F4D0FDA17F}.Release Stand Alone|x64.ActiveCfg = Debug|x64
		{5298F92A-8A53-484F-9A0D-40F4D0FDA17F}.Release|Win32.ActiveCfg = Release|Win32
		{5298F92A-8A53-484F-9A0D-40F4D0FDA17F}.Release|Win32.Build.0 = Release|Win32
		{5298F92A-8A53-484F-9A0D-40F4D0FDA17F}.Release|x64.ActiveCfg = Release|x64
		{1465A7BF-B858-4147-914D-40DF7B3D1E93}.Debug Gaming Edition|Win32.ActiveCfg = Debug|Win32
		{1465A7BF-B858-4147-914D-40DF7B3D1E93}.Debug Gaming Edition|Win32.Build.0 = Debug|Win32
		{1465A7BF-B858-4147-914D-40DF7B3D1E93}.Debug Gaming Edition|x64.ActiveCfg = Debug|Win32
		{1465A7BF-B858-4147-914D-40DF7B3D1E93}.Debug Media Edition|Win32.ActiveCfg = Debug|Win32
		{1465A7BF-B858-4147-914D-40DF7B3D1E93}.Debug Media Edition|Win32.Build.0 = Debug|Win32
		{1465A7BF-B858-4147-914D-40DF7B3D1E93}.Debug Media Edition|x64.ActiveCfg = Debug|Win32
		{1465A7BF-B858-4147-914D-40DF7B3D1E93}.Debug rmxlib|Win32.ActiveCfg = Debug|Win32
		{1465A7BF-B858-4147-914D-40DF7B3D1E93}.Debug rmxlib|Win32.Build.0 = Debug|Win32
		{1465A7BF-B858-4147-914D-40DF7B3D1E93}.Debug rmxlib|x64.ActiveCfg = Debug|Win32
		{1465A7BF-B858-4147-914D-40DF7B3D1E93}.Debug Stand Alone|Win32.ActiveCfg = Debug|Win32
		{1465A7BF-B858-4147-914D-40DF7B3D1E93}.Debug Stand Alone|Win32.Build.0 = Debug|Win32
		{1465A7BF-B858-4147-914D-40DF7B3D1E93}.Debug Stand Alone|x64.ActiveCfg = Debug|Win32
		{1465A7BF-B858-4147-914D-40DF7B3D1E93}.Debug Stand Alone|x64.Build.0 = Debug|Win32
		{1465A7BF-B858-4147-914D-40DF7B3D1E93}.Debug|Win32.ActiveCfg = Debug|Win32
		{1465A7BF-B858-4147-914D-40DF7B3D1E93}.Debug|Win32.Build.0 = Debug|Win32
		{1465A7BF-B858-4147-914D-40DF7B3D1E93}.Debug|x64.ActiveCfg = Debug|Win32
		{1465A7BF-B858-4147-914D-40DF7B3D1E93}.Release Gaming Edition|Win32.ActiveCfg = Release|Win32
		{1465A7BF-B858-4147-914D-40DF7B3D1E93}.Release Gaming Edition|Win32.Build.0 = Release|Win32
		{1465A7BF-B858-4147-914D-40DF7B3D1E93}.Release Gaming Edition|x64.ActiveCfg = Release|Win32
		{1465A7BF-B858-4147-914D-40DF7B3D1E93}.Release Media Edition|Win32.ActiveCfg = Release|Win32
		{1465A7BF-B858-4147-914D-40DF7B3D1E93}.Release Media Edition|Win32.Build.0 = Release|Win32
		{1465A7BF-B858-4147-914D-40DF7B3D1E93}.Release Media Edition|x64.ActiveCfg = Release|Win32
		{1465A7BF-B858-4147-914D-40DF7B3D1E93}.Release rmxlib|Win32.ActiveCfg = Release|Win32
		{1465A7BF-B858-4147-914D-40DF7B3D1E93}.Release rmxlib|Win32.Build.0 = Release|Win32
		{1465A7BF-B858-4147-914D-40DF7B3D1E93}.Release rmxlib|x64.ActiveCfg = Release|Win32
		{1465A7BF-B858-4147-914D-40DF7B3D1E93}.Release Stand Alone|Win32.ActiveCfg = Release|Win32
		{1465A7BF-B858-4147-914D-40DF7B3D1E93}.Release Stand Alone|Win32.Build.0 = Release|Win32
		{1465A7BF-B858-4147-914D-40DF7B3D1E93}.Release Stand Alone|x64.ActiveCfg = Debug|x64
		{1465A7BF-B858-4147-914D-40DF7B3D1E93}.Release Stand Alone|x64.Build.0 = Debug|x64
		{1465A7BF-B858-4147-914D-40DF7B3D1E93}.Release|Win32.ActiveCfg = Release|Win32
		{1465A7BF-B858-4147-914D-40DF7B3D1E93}.Release|Win32.Build.0 = Release|Win32
		{1465A7BF-B858-4147-914D-40DF7B3D1E93}.Release|x64.ActiveCfg = Release|Win32
		{983BA60C-0FAC-4833-9F96-5D4C6ABA6910}.Debug Gaming Edition|Win32.ActiveCfg = Debug|x64
		{983BA60C-0FAC-4833-9F96-5D4C6ABA6910}.Debug Gaming Edition|x64.ActiveCfg = Debug|x64
		{983BA60C-0FAC-4833-9F96-5D4C6ABA6910}.Debug Gaming Edition|x64.Build.0 = Debug|x64
		{983BA60C-0FAC-4833-9F96-5D4C6ABA6910}.Debug Media Edition|Win32.ActiveCfg = Debug|x64
		{983BA60C-0FAC-4833-9F96-5D4C6ABA6910}.Debug Media Edition|x64.ActiveCfg = Debug|x64
		{983BA60C-0FAC-4833-9F96-5D4C6ABA6910}.Debug Media Edition|x64.Build.0 = Debug|x64
		{983BA60C-0FAC-4833-9F96-5D4C6ABA6910}.Debug rmxlib|Win32.ActiveCfg = Debug|x64
		{983BA60C-0FAC-4833-9F96-5D4C6ABA6910}.Debug rmxlib|x64.ActiveCfg = Debug|x64
		{983BA60C-0FAC-4833-9F96-5D4C6ABA6910}.Debug rmxlib|x64.Build.0 = Debug|x64
		{983BA60C-0FAC-4833-9F96-5D4C6ABA6910}.Debug Stand Alone|Win32.ActiveCfg = Debug|Win32
		{983BA60C-0FAC-4833-9F96-5D4C6ABA6910}.Debug Stand Alone|Win32.Build.0 = Debug|Win32
		{983BA60C-0FAC-4833-9F96-5D4C6ABA6910}.Debug Stand Alone|x64.ActiveCfg = Debug|Win32
		{983BA60C-0FAC-4833-9F96-5D4C6ABA6910}.Debug Stand Alone|x64.Build.0 = Debug|Win32
		{983BA60C-0FAC-4833-9F96-5D4C6ABA6910}.Debug|Win32.ActiveCfg = Debug|Win32
		{983BA60C-0FAC-4833-9F96-5D4C6ABA6910}.Debug|Win32.Build.0 = Debug|Win32
		{983BA60C-0FAC-4833-9F96-5D4C6ABA6910}.Debug|x64.ActiveCfg = Debug|x64
		{983BA60C-0FAC-4833-9F96-5D4C6ABA6910}.Debug|x64.Build.0 = Debug|x64
		{983BA60C-0FAC-4833-9F96-5D4C6ABA6910}.Release Gaming Edition|Win32.ActiveCfg = Release|x64
		{983BA60C-0FAC-4833-9F96-5D4C6ABA6910}.Release Gaming Edition|x64.ActiveCfg = Release|x64
		{983BA60C-0FAC-4833-9F96-5D4C6ABA6910}.Release Gaming Edition|x64.Build.0 = Release|x64
		{983BA60C-0FAC-4833-9F96-5D4C6ABA6910}.Release Media Edition|Win32.ActiveCfg = Release|x64
		{983BA60C-0FAC-4833-9F96-5D4C6ABA6910}.Release Media Edition|x64.ActiveCfg = Release|x64
		{983BA60C-0FAC-4833-9F96-5D4C6ABA6910}.Release Media Edition|x64.Build.0 = Release|x64
		{983BA60C-0FAC-4833-9F96-5D4C6ABA6910}.Release rmxlib|Win32.ActiveCfg = Release|x64
		{983BA60C-0FAC-4833-9F96-5D4C6ABA6910}.Release rmxlib|x64.ActiveCfg = Release|x64
		{983BA60C-0FAC-4833-9F96-5D4C6ABA6910}.Release rmxlib|x64.Build.0 = Release|x64
		{983BA60C-0FAC-4833-9F96-5D4C6ABA6910}.Release Stand Alone|Win32.ActiveCfg = Release|Win32
		{983BA60C-0FAC-4833-9F96-5D4C6ABA6910}.Release Stand Alone|Win32.Build.0 = Release|Win32
		{983BA60C-0FAC-4833-9F96-5D4C6ABA6910}.Release Stand Alone|x64.ActiveCfg = Release|x64
		{983BA60C-0FAC-4833-9F96-5D4C6ABA6910}.Release Stand Alone|x64.Build.0 = Release|x64
		{983BA60C-0FAC-4833-9F96-5D4C6ABA6910}.Release|Win32.ActiveCfg = Release|Win32
		{983BA60C-0FAC-4833-9F96-5D4C6ABA6910}.Release|Win32.Build.0 = Release|Win32
		{983BA60C-0FAC-4833-9F96-5D4C6ABA6910}.Release|x64.ActiveCfg = Release|x64
		{983BA60C-0FAC-4833-9F96-5D4C6ABA6910}.Release|x64.Build.0 = Release|x64
		{66E0AD7A-0433-41AD-AF27-345CB763F46F}.Debug Gaming Edition|Win32.ActiveCfg = Debug|Win32
		{66E0AD7A-0433-41AD-AF27-345CB763F46F}.Debug Gaming Edition|Win32.Build.0 = Debug|Win32
		{66E0AD7A-0433-41AD-AF27-345CB763F46F}.Debug Gaming Edition|x64.ActiveCfg = Debug|Win32
		{66E0AD7A-0433-41AD-AF27-345CB763F46F}.Debug Media Edition|Win32.ActiveCfg = Debug|Win32
		{66E0AD7A-0433-41AD-AF27-345CB763F46F}.Debug Media Edition|Win32.Build.0 = Debug|Win32
		{66E0AD7A-0433-41AD-AF27-345CB763F46F}.Debug Media Edition|x64.ActiveCfg = Debug|Win32
		{66E0AD7A-0433-41AD-AF27-345CB763F46F}.Debug rmxlib|Win32.ActiveCfg = Debug|Win32
		{66E0AD7A-0433-41AD-AF27-345CB763F46F}.Debug rmxlib|Win32.Build.0 = Debug|Win32
		{66E0AD7A-0433-41AD-AF27-345CB763F46F}.Debug rmxlib|x64.ActiveCfg = Debug|Win32
		{66E0AD7A-0433-41AD-AF27-345CB763F46F}.Debug Stand Alone|Win32.ActiveCfg = Debug|Win32
		{66E0AD7A-0433-41AD-AF27-345CB763F46F}.Debug Stand Alone|Win32.Build.0 = Debug|Win32
		{66E0AD7A-0433-41AD-AF27-345CB763F46F}.Debug Stand Alone|x64.ActiveCfg = Debug|Win32
		{66E0AD7A-0433-41AD-AF27-345CB763F46F}.Debug|Win32.ActiveCfg = Debug|Win32
		{66E0AD7A-0433-41AD-AF27-345CB763F46F}.Debug|Win32.Build.0 = Debug|Win32
		{66E0AD7A-0433-41AD-AF27-345CB763F46F}.Debug|x64.ActiveCfg = Debug|Win32
		{66E0AD7A-0433-41AD-AF27-345CB763F46F}.Release Gaming Edition|Win32.ActiveCfg = Release|Win32
		{66E0AD7A-0433-41AD-AF27-345CB763F46F}.Release Gaming Edition|Win32.Build.0 = Release|Win32
		{66E0AD7A-0433-41AD-AF27-345CB763F46F}.Release Gaming Edition|x64.ActiveCfg = Release|Win32
		{66E0AD7A-0433-41AD-AF27-345CB763F46F}.Release Media Edition|Win32.ActiveCfg = Release|Win32
		{66E0AD7A-0433-41AD-AF27-345CB763F46F}.Release Media Edition|Win32.Build.0 = Release|Win32
		{66E0AD7A-0433-41AD-AF27-345CB763F46F}.Release Media Edition|x64.ActiveCfg = Release|Win32
		{66E0AD7A-0433-41AD-AF27-345CB763F46F}.Release rmxlib|Win32.ActiveCfg = Release|Win32
		{66E0AD7A-0433-41AD-AF27-345CB763F46F}.Release rmxlib|Win32.Build.0 = Release|Win32
		{66E0AD7A-0433-41AD-AF27-345CB763F46F}.Release rmxlib|x64.ActiveCfg = Release|Win32
		{66E0AD7A-0433-41AD-AF27-345CB763F46F}.Release Stand Alone|Win32.ActiveCfg = Release|Win32
		{66E0AD7A-0433-41AD-AF27-345CB763F46F}.Release Stand Alone|Win32.Build.0 = Release|Win32
		{66E0AD7A-0433-41AD-AF27-345CB763F46F}.Release Stand Alone|x64.ActiveCfg = Release|Win32
		{66E0AD7A-0433-41AD-AF27-345CB763F46F}.Release|Win32.ActiveCfg = Release|Win32
		{66E0AD7A-0433-41AD-AF27-345CB763F46F}.Release|Win32.Build.0 = Release|Win32
		{66E0AD7A-0433-41AD-AF27-345CB763F46F}.Release|x64.ActiveCfg = Release|Win32
	EndGlobalSection
	GlobalSection(SolutionProperties) = preSolution
		HideSolutionNode = FALSE
	EndGlobalSection
EndGlobal
